// !$*UTF8*$!
{
	archiveVersion = 1;
	classes = {
	};
	objectVersion = 52;
	objects = {

/* Begin PBXBuildFile section */
		6507724E274F7E23006500C1 /* BitCore.framework in Frameworks */ = {isa = PBXBuildFile; fileRef = 65077244274F7E23006500C1 /* BitCore.framework */; };
		65077253274F7E23006500C1 /* BitCoreTests.swift in Sources */ = {isa = PBXBuildFile; fileRef = 65077252274F7E23006500C1 /* BitCoreTests.swift */; };
		65077255274F7E23006500C1 /* BitCore.h in Headers */ = {isa = PBXBuildFile; fileRef = 65077247274F7E23006500C1 /* BitCore.h */; settings = {ATTRIBUTES = (Public, ); }; };
		65077261274F7F36006500C1 /* BitCoreError.swift in Sources */ = {isa = PBXBuildFile; fileRef = 65077260274F7F36006500C1 /* BitCoreError.swift */; };
		657BD52C2772CE5B00B8E0D5 /* Base58.swift in Sources */ = {isa = PBXBuildFile; fileRef = 657BD52B2772CE5B00B8E0D5 /* Base58.swift */; };
		657BD52F2772D70800B8E0D5 /* BigInt in Frameworks */ = {isa = PBXBuildFile; productRef = 657BD52E2772D70800B8E0D5 /* BigInt */; };
		657BD5372772FC4F00B8E0D5 /* SecureRandom.swift in Sources */ = {isa = PBXBuildFile; fileRef = 657BD5362772FC4F00B8E0D5 /* SecureRandom.swift */; };
		657BD5392772FD1600B8E0D5 /* Status.swift in Sources */ = {isa = PBXBuildFile; fileRef = 657BD5382772FD1600B8E0D5 /* Status.swift */; };
		657BD53B2772FE2000B8E0D5 /* BigNumber.swift in Sources */ = {isa = PBXBuildFile; fileRef = 657BD53A2772FE2000B8E0D5 /* BigNumber.swift */; };
		657BD53E27730C3D00B8E0D5 /* Array.swift in Sources */ = {isa = PBXBuildFile; fileRef = 657BD53D27730C3D00B8E0D5 /* Array.swift */; };
		657BD54027730D8000B8E0D5 /* Data.swift in Sources */ = {isa = PBXBuildFile; fileRef = 657BD53F27730D8000B8E0D5 /* Data.swift */; };
		657BD542277320DE00B8E0D5 /* String.swift in Sources */ = {isa = PBXBuildFile; fileRef = 657BD541277320DE00B8E0D5 /* String.swift */; };
		657BD5462773238700B8E0D5 /* Base58Tests.swift in Sources */ = {isa = PBXBuildFile; fileRef = 657BD5452773238700B8E0D5 /* Base58Tests.swift */; };
		657BD5482773373800B8E0D5 /* Base58Check.swift in Sources */ = {isa = PBXBuildFile; fileRef = 657BD5472773373800B8E0D5 /* Base58Check.swift */; };
		657BD54B27741DAD00B8E0D5 /* RIPEMD160.swift in Sources */ = {isa = PBXBuildFile; fileRef = 657BD54A27741DAD00B8E0D5 /* RIPEMD160.swift */; };
		657BD54D27741F7200B8E0D5 /* Macros.swift in Sources */ = {isa = PBXBuildFile; fileRef = 657BD54C27741F7200B8E0D5 /* Macros.swift */; };
		657BD55027742D8700B8E0D5 /* Crypto.swift in Sources */ = {isa = PBXBuildFile; fileRef = 657BD54F27742D8700B8E0D5 /* Crypto.swift */; };
		657BD5522774502E00B8E0D5 /* Serialization.swift in Sources */ = {isa = PBXBuildFile; fileRef = 657BD5512774502E00B8E0D5 /* Serialization.swift */; };
		657BD55427748E6B00B8E0D5 /* RangeReplaceableCollection.swift in Sources */ = {isa = PBXBuildFile; fileRef = 657BD55327748E6B00B8E0D5 /* RangeReplaceableCollection.swift */; };
		657BD5562775658F00B8E0D5 /* RIPEMD160Tests.swift in Sources */ = {isa = PBXBuildFile; fileRef = 657BD5552775658F00B8E0D5 /* RIPEMD160Tests.swift */; };
		657BD558277566FB00B8E0D5 /* SHA2Tests.swift in Sources */ = {isa = PBXBuildFile; fileRef = 657BD557277566FB00B8E0D5 /* SHA2Tests.swift */; };
		657BD55A27759D1300B8E0D5 /* Base58CheckTests.swift in Sources */ = {isa = PBXBuildFile; fileRef = 657BD55927759D1300B8E0D5 /* Base58CheckTests.swift */; };
		657BD55C2775AA1F00B8E0D5 /* Bech32.swift in Sources */ = {isa = PBXBuildFile; fileRef = 657BD55B2775AA1F00B8E0D5 /* Bech32.swift */; };
		657BD55F2775B12400B8E0D5 /* EllipticCurve.swift in Sources */ = {isa = PBXBuildFile; fileRef = 657BD55E2775B12400B8E0D5 /* EllipticCurve.swift */; };
		657BD5612775B90C00B8E0D5 /* Secp256k1.swift in Sources */ = {isa = PBXBuildFile; fileRef = 657BD5602775B90C00B8E0D5 /* Secp256k1.swift */; };
		657BD5642775C04900B8E0D5 /* MathTests.swift in Sources */ = {isa = PBXBuildFile; fileRef = 657BD5632775C04900B8E0D5 /* MathTests.swift */; };
		657BD5662775C50700B8E0D5 /* Math.swift in Sources */ = {isa = PBXBuildFile; fileRef = 657BD5652775C50700B8E0D5 /* Math.swift */; };
		657BD5682775D30000B8E0D5 /* EllipticCurvePoint.swift in Sources */ = {isa = PBXBuildFile; fileRef = 657BD5672775D30000B8E0D5 /* EllipticCurvePoint.swift */; };
		657BD56A2775D6FE00B8E0D5 /* Point.swift in Sources */ = {isa = PBXBuildFile; fileRef = 657BD5692775D6FE00B8E0D5 /* Point.swift */; };
		657BD56C2779911300B8E0D5 /* Signature.swift in Sources */ = {isa = PBXBuildFile; fileRef = 657BD56B2779911300B8E0D5 /* Signature.swift */; };
		657BD56E2779968000B8E0D5 /* DER.swift in Sources */ = {isa = PBXBuildFile; fileRef = 657BD56D2779968000B8E0D5 /* DER.swift */; };
		657BD57027799EE600B8E0D5 /* DERTests.swift in Sources */ = {isa = PBXBuildFile; fileRef = 657BD56F27799EE600B8E0D5 /* DERTests.swift */; };
		657BD5732779AF4000B8E0D5 /* PrivateKey.swift in Sources */ = {isa = PBXBuildFile; fileRef = 657BD5722779AF4000B8E0D5 /* PrivateKey.swift */; };
		657BD5752779B5F700B8E0D5 /* Network.swift in Sources */ = {isa = PBXBuildFile; fileRef = 657BD5742779B5F700B8E0D5 /* Network.swift */; };
		657BD5772779B6AB00B8E0D5 /* CoinType.swift in Sources */ = {isa = PBXBuildFile; fileRef = 657BD5762779B6AB00B8E0D5 /* CoinType.swift */; };
		657BD5792779D2DD00B8E0D5 /* PrivateKeyTests.swift in Sources */ = {isa = PBXBuildFile; fileRef = 657BD5782779D2DD00B8E0D5 /* PrivateKeyTests.swift */; };
		657BD57B277AAAFF00B8E0D5 /* Message.swift in Sources */ = {isa = PBXBuildFile; fileRef = 657BD57A277AAAFF00B8E0D5 /* Message.swift */; };
		657BD57D277B20BC00B8E0D5 /* PublicKey.swift in Sources */ = {isa = PBXBuildFile; fileRef = 657BD57C277B20BC00B8E0D5 /* PublicKey.swift */; };
		657BD617277C450A00B8E0D5 /* BitcoinAddress.swift in Sources */ = {isa = PBXBuildFile; fileRef = 657BD616277C450A00B8E0D5 /* BitcoinAddress.swift */; };
		65A58C2A2787F1E400F73E40 /* ECDSA.swift in Sources */ = {isa = PBXBuildFile; fileRef = 65A58C292787F1E400F73E40 /* ECDSA.swift */; };
		65A58C2C278967DD00F73E40 /* OPCodeTests.swift in Sources */ = {isa = PBXBuildFile; fileRef = 65A58C2B278967DD00F73E40 /* OPCodeTests.swift */; };
		65A58C2E278B1C4B00F73E40 /* ScriptTests.swift in Sources */ = {isa = PBXBuildFile; fileRef = 65A58C2D278B1C4B00F73E40 /* ScriptTests.swift */; };
		65A58C30278C0CDE00F73E40 /* TransactionTests.swift in Sources */ = {isa = PBXBuildFile; fileRef = 65A58C2F278C0CDE00F73E40 /* TransactionTests.swift */; };
		65A58C34278D5A4900F73E40 /* ScriptMachine.swift in Sources */ = {isa = PBXBuildFile; fileRef = 65A58C33278D5A4900F73E40 /* ScriptMachine.swift */; };
		65A58C36278D67F900F73E40 /* ScriptMachineTests.swift in Sources */ = {isa = PBXBuildFile; fileRef = 65A58C35278D67F900F73E40 /* ScriptMachineTests.swift */; };
		65DD5DC8277C5F31002C9CA0 /* PublicKey+Address.swift in Sources */ = {isa = PBXBuildFile; fileRef = 65DD5DC7277C5F31002C9CA0 /* PublicKey+Address.swift */; };
		65DD5DCA277C5FAE002C9CA0 /* PublicKeyTests.swift in Sources */ = {isa = PBXBuildFile; fileRef = 65DD5DC9277C5FAE002C9CA0 /* PublicKeyTests.swift */; };
		65DD5DCD277C639A002C9CA0 /* Transaction.swift in Sources */ = {isa = PBXBuildFile; fileRef = 65DD5DCC277C639A002C9CA0 /* Transaction.swift */; };
		65DD5DCF277C63A8002C9CA0 /* TransactionInput.swift in Sources */ = {isa = PBXBuildFile; fileRef = 65DD5DCE277C63A8002C9CA0 /* TransactionInput.swift */; };
		65DD5DD1277C63DD002C9CA0 /* TransactionOutput.swift in Sources */ = {isa = PBXBuildFile; fileRef = 65DD5DD0277C63DD002C9CA0 /* TransactionOutput.swift */; };
		65DD5DD4277C68A9002C9CA0 /* Script.swift in Sources */ = {isa = PBXBuildFile; fileRef = 65DD5DD3277C68A9002C9CA0 /* Script.swift */; };
		65DD5DD7277C6D44002C9CA0 /* OPCode.swift in Sources */ = {isa = PBXBuildFile; fileRef = 65DD5DD6277C6D44002C9CA0 /* OPCode.swift */; };
		65DD5DD9277C7018002C9CA0 /* VarInt.swift in Sources */ = {isa = PBXBuildFile; fileRef = 65DD5DD8277C7018002C9CA0 /* VarInt.swift */; };
		65DD5E67277D5CDE002C9CA0 /* OpCodeType.swift in Sources */ = {isa = PBXBuildFile; fileRef = 65DD5E66277D5CDE002C9CA0 /* OpCodeType.swift */; };
		65DD5E73277D854E002C9CA0 /* MerkleTree.swift in Sources */ = {isa = PBXBuildFile; fileRef = 65DD5E72277D854E002C9CA0 /* MerkleTree.swift */; };
		65DD5E76277DA108002C9CA0 /* MerkleTree+Operation.swift in Sources */ = {isa = PBXBuildFile; fileRef = 65DD5E75277DA108002C9CA0 /* MerkleTree+Operation.swift */; };
		65DD5E78277DAB1B002C9CA0 /* MerkleTreeTests.swift in Sources */ = {isa = PBXBuildFile; fileRef = 65DD5E77277DAB1B002C9CA0 /* MerkleTreeTests.swift */; };
		65DD5E7A277DC909002C9CA0 /* Helper.swift in Sources */ = {isa = PBXBuildFile; fileRef = 65DD5E79277DC909002C9CA0 /* Helper.swift */; };
		65DD5E7D277E061B002C9CA0 /* MerkleBlock.swift in Sources */ = {isa = PBXBuildFile; fileRef = 65DD5E7C277E061A002C9CA0 /* MerkleBlock.swift */; };
		65DD5E7F277E0881002C9CA0 /* ByteStream.swift in Sources */ = {isa = PBXBuildFile; fileRef = 65DD5E7E277E0881002C9CA0 /* ByteStream.swift */; };
		65DD5E81277EA86D002C9CA0 /* MerkleBlockTests.swift in Sources */ = {isa = PBXBuildFile; fileRef = 65DD5E80277EA86D002C9CA0 /* MerkleBlockTests.swift */; };
		65DD5E832783EA54002C9CA0 /* Block.swift in Sources */ = {isa = PBXBuildFile; fileRef = 65DD5E822783EA54002C9CA0 /* Block.swift */; };
		65DD5E852783FC3A002C9CA0 /* BlockTests.swift in Sources */ = {isa = PBXBuildFile; fileRef = 65DD5E842783FC3A002C9CA0 /* BlockTests.swift */; };
		65DD5E87278458A0002C9CA0 /* ScriptExecutionContext.swift in Sources */ = {isa = PBXBuildFile; fileRef = 65DD5E86278458A0002C9CA0 /* ScriptExecutionContext.swift */; };
		65DD5E8B27845CC9002C9CA0 /* OP_0NOTEQUAL.swift in Sources */ = {isa = PBXBuildFile; fileRef = 65DD5E8A27845CC9002C9CA0 /* OP_0NOTEQUAL.swift */; };
		65DD5E8D27853CB8002C9CA0 /* OP_1ADD.swift in Sources */ = {isa = PBXBuildFile; fileRef = 65DD5E8C27853CB8002C9CA0 /* OP_1ADD.swift */; };
		65DD5E8F27853D0D002C9CA0 /* OP_1SUB.swift in Sources */ = {isa = PBXBuildFile; fileRef = 65DD5E8E27853D0D002C9CA0 /* OP_1SUB.swift */; };
		65DD5E9127853D61002C9CA0 /* OP_2DIV.swift in Sources */ = {isa = PBXBuildFile; fileRef = 65DD5E9027853D61002C9CA0 /* OP_2DIV.swift */; };
		65DD5E9327853F31002C9CA0 /* OP_2MUL.swift in Sources */ = {isa = PBXBuildFile; fileRef = 65DD5E9227853F31002C9CA0 /* OP_2MUL.swift */; };
		65DD5E952785443D002C9CA0 /* OP_ABS.swift in Sources */ = {isa = PBXBuildFile; fileRef = 65DD5E942785443D002C9CA0 /* OP_ABS.swift */; };
		65DD5E9727854469002C9CA0 /* OP_ADD.swift in Sources */ = {isa = PBXBuildFile; fileRef = 65DD5E9627854469002C9CA0 /* OP_ADD.swift */; };
		65DD5E9927854686002C9CA0 /* OP_BOOLAND.swift in Sources */ = {isa = PBXBuildFile; fileRef = 65DD5E9827854686002C9CA0 /* OP_BOOLAND.swift */; };
		65DD5E9B2785478B002C9CA0 /* OP_BOOLOR.swift in Sources */ = {isa = PBXBuildFile; fileRef = 65DD5E9A2785478B002C9CA0 /* OP_BOOLOR.swift */; };
		65DD5E9D278547D8002C9CA0 /* OP_DIV.swift in Sources */ = {isa = PBXBuildFile; fileRef = 65DD5E9C278547D8002C9CA0 /* OP_DIV.swift */; };
		65DD5E9F278548A9002C9CA0 /* OP_GREATERTHAN.swift in Sources */ = {isa = PBXBuildFile; fileRef = 65DD5E9E278548A9002C9CA0 /* OP_GREATERTHAN.swift */; };
		65DD5EA1278548E6002C9CA0 /* OP_GREATERTHANOREQUAL.swift in Sources */ = {isa = PBXBuildFile; fileRef = 65DD5EA0278548E6002C9CA0 /* OP_GREATERTHANOREQUAL.swift */; };
		65DD5EA327854910002C9CA0 /* OP_LESSTHAN.swift in Sources */ = {isa = PBXBuildFile; fileRef = 65DD5EA227854910002C9CA0 /* OP_LESSTHAN.swift */; };
		65DD5EA52785493D002C9CA0 /* OP_LESSTHANOREQUAL.swift in Sources */ = {isa = PBXBuildFile; fileRef = 65DD5EA42785493D002C9CA0 /* OP_LESSTHANOREQUAL.swift */; };
		65DD5EA727854991002C9CA0 /* OP_LSHIFT.swift in Sources */ = {isa = PBXBuildFile; fileRef = 65DD5EA627854991002C9CA0 /* OP_LSHIFT.swift */; };
		65DD5EA9278549C4002C9CA0 /* OP_MAX.swift in Sources */ = {isa = PBXBuildFile; fileRef = 65DD5EA8278549C4002C9CA0 /* OP_MAX.swift */; };
		65DD5EAB27854A1A002C9CA0 /* OP_MIN.swift in Sources */ = {isa = PBXBuildFile; fileRef = 65DD5EAA27854A1A002C9CA0 /* OP_MIN.swift */; };
		65DD5EAD27854A37002C9CA0 /* OP_MOD.swift in Sources */ = {isa = PBXBuildFile; fileRef = 65DD5EAC27854A37002C9CA0 /* OP_MOD.swift */; };
		65DD5EAF27854A51002C9CA0 /* OP_MUL.swift in Sources */ = {isa = PBXBuildFile; fileRef = 65DD5EAE27854A51002C9CA0 /* OP_MUL.swift */; };
		65DD5EB127854A83002C9CA0 /* OP_NEGATE.swift in Sources */ = {isa = PBXBuildFile; fileRef = 65DD5EB027854A83002C9CA0 /* OP_NEGATE.swift */; };
		65DD5EB327854AB1002C9CA0 /* OP_NOT.swift in Sources */ = {isa = PBXBuildFile; fileRef = 65DD5EB227854AB1002C9CA0 /* OP_NOT.swift */; };
		65DD5EB527854AF8002C9CA0 /* OP_NUMEQUAL.swift in Sources */ = {isa = PBXBuildFile; fileRef = 65DD5EB427854AF8002C9CA0 /* OP_NUMEQUAL.swift */; };
		65DD5EB727854B2E002C9CA0 /* OP_NUMEQUALVERIFY.swift in Sources */ = {isa = PBXBuildFile; fileRef = 65DD5EB627854B2E002C9CA0 /* OP_NUMEQUALVERIFY.swift */; };
		65DD5EB927854BA6002C9CA0 /* OP_NUMNOTEQUAL.swift in Sources */ = {isa = PBXBuildFile; fileRef = 65DD5EB827854BA6002C9CA0 /* OP_NUMNOTEQUAL.swift */; };
		65DD5EBB27854BC6002C9CA0 /* OP_RSHIFT.swift in Sources */ = {isa = PBXBuildFile; fileRef = 65DD5EBA27854BC6002C9CA0 /* OP_RSHIFT.swift */; };
		65DD5EBD27854C0B002C9CA0 /* OP_SUB.swift in Sources */ = {isa = PBXBuildFile; fileRef = 65DD5EBC27854C0B002C9CA0 /* OP_SUB.swift */; };
		65DD5EBF27854C24002C9CA0 /* OP_WITHIN.swift in Sources */ = {isa = PBXBuildFile; fileRef = 65DD5EBE27854C24002C9CA0 /* OP_WITHIN.swift */; };
		65DD5EC227854CAC002C9CA0 /* OP_AND.swift in Sources */ = {isa = PBXBuildFile; fileRef = 65DD5EC127854CAC002C9CA0 /* OP_AND.swift */; };
		65DD5EC427854CC9002C9CA0 /* OP_EQUAL.swift in Sources */ = {isa = PBXBuildFile; fileRef = 65DD5EC327854CC9002C9CA0 /* OP_EQUAL.swift */; };
		65DD5EC627854D1A002C9CA0 /* OP_EQUALVERIFY.swift in Sources */ = {isa = PBXBuildFile; fileRef = 65DD5EC527854D1A002C9CA0 /* OP_EQUALVERIFY.swift */; };
		65DD5EC827854D33002C9CA0 /* OP_INVERT.swift in Sources */ = {isa = PBXBuildFile; fileRef = 65DD5EC727854D33002C9CA0 /* OP_INVERT.swift */; };
		65DD5ECA27854DB3002C9CA0 /* OP_OR.swift in Sources */ = {isa = PBXBuildFile; fileRef = 65DD5EC927854DB3002C9CA0 /* OP_OR.swift */; };
		65DD5ECC27854DDC002C9CA0 /* OP_RESERVED1.swift in Sources */ = {isa = PBXBuildFile; fileRef = 65DD5ECB27854DDC002C9CA0 /* OP_RESERVED1.swift */; };
		65DD5ECE27854E00002C9CA0 /* OP_RESERVED2.swift in Sources */ = {isa = PBXBuildFile; fileRef = 65DD5ECD27854E00002C9CA0 /* OP_RESERVED2.swift */; };
		65DD5ED027854E1C002C9CA0 /* OP_XOR.swift in Sources */ = {isa = PBXBuildFile; fileRef = 65DD5ECF27854E1C002C9CA0 /* OP_XOR.swift */; };
		65DD5ED327854EA3002C9CA0 /* OP_CHECKMULTISIG.swift in Sources */ = {isa = PBXBuildFile; fileRef = 65DD5ED227854EA3002C9CA0 /* OP_CHECKMULTISIG.swift */; };
		65DD5ED527854EC6002C9CA0 /* OP_CHECKMULTISIGVERIFY.swift in Sources */ = {isa = PBXBuildFile; fileRef = 65DD5ED427854EC6002C9CA0 /* OP_CHECKMULTISIGVERIFY.swift */; };
		65DD5ED727854EF9002C9CA0 /* OP_CHECKSIG.swift in Sources */ = {isa = PBXBuildFile; fileRef = 65DD5ED627854EF9002C9CA0 /* OP_CHECKSIG.swift */; };
		65DD5ED927856B03002C9CA0 /* OP_CHECKSIGVERIFY.swift in Sources */ = {isa = PBXBuildFile; fileRef = 65DD5ED827856B03002C9CA0 /* OP_CHECKSIGVERIFY.swift */; };
		65DD5EDB27856B23002C9CA0 /* OP_CODESEPARATOR.swift in Sources */ = {isa = PBXBuildFile; fileRef = 65DD5EDA27856B23002C9CA0 /* OP_CODESEPARATOR.swift */; };
		65DD5EDD27856B54002C9CA0 /* OP_HASH160.swift in Sources */ = {isa = PBXBuildFile; fileRef = 65DD5EDC27856B54002C9CA0 /* OP_HASH160.swift */; };
		65DD5EDF27856B72002C9CA0 /* OP_HASH256.swift in Sources */ = {isa = PBXBuildFile; fileRef = 65DD5EDE27856B72002C9CA0 /* OP_HASH256.swift */; };
		65DD5EE127856B8B002C9CA0 /* OP_RIPEMD160.swift in Sources */ = {isa = PBXBuildFile; fileRef = 65DD5EE027856B8B002C9CA0 /* OP_RIPEMD160.swift */; };
		65DD5EE327856BA3002C9CA0 /* OP_SHA1.swift in Sources */ = {isa = PBXBuildFile; fileRef = 65DD5EE227856BA3002C9CA0 /* OP_SHA1.swift */; };
		65DD5EE527856BBB002C9CA0 /* OP_SHA256.swift in Sources */ = {isa = PBXBuildFile; fileRef = 65DD5EE427856BBB002C9CA0 /* OP_SHA256.swift */; };
		65DD5EE827856C30002C9CA0 /* OP_ELSE.swift in Sources */ = {isa = PBXBuildFile; fileRef = 65DD5EE727856C30002C9CA0 /* OP_ELSE.swift */; };
		65DD5EEA27856D54002C9CA0 /* OP_ENDIF.swift in Sources */ = {isa = PBXBuildFile; fileRef = 65DD5EE927856D54002C9CA0 /* OP_ENDIF.swift */; };
		65DD5EEC27856D99002C9CA0 /* OP_IF.swift in Sources */ = {isa = PBXBuildFile; fileRef = 65DD5EEB27856D99002C9CA0 /* OP_IF.swift */; };
		65DD5EEE27856ED7002C9CA0 /* OP_NOP.swift in Sources */ = {isa = PBXBuildFile; fileRef = 65DD5EED27856ED7002C9CA0 /* OP_NOP.swift */; };
		65DD5EF027856F41002C9CA0 /* OP_NOTIF.swift in Sources */ = {isa = PBXBuildFile; fileRef = 65DD5EEF27856F41002C9CA0 /* OP_NOTIF.swift */; };
		65DD5EF227856F6A002C9CA0 /* OP_RETURN.swift in Sources */ = {isa = PBXBuildFile; fileRef = 65DD5EF127856F6A002C9CA0 /* OP_RETURN.swift */; };
		65DD5EF427856FF5002C9CA0 /* OP_VER.swift in Sources */ = {isa = PBXBuildFile; fileRef = 65DD5EF327856FF5002C9CA0 /* OP_VER.swift */; };
		65DD5EF62785704F002C9CA0 /* OP_VERIF.swift in Sources */ = {isa = PBXBuildFile; fileRef = 65DD5EF52785704F002C9CA0 /* OP_VERIF.swift */; };
		65DD5EF827857092002C9CA0 /* OP_VERIFY.swift in Sources */ = {isa = PBXBuildFile; fileRef = 65DD5EF727857092002C9CA0 /* OP_VERIFY.swift */; };
		65DD5EFA278570AB002C9CA0 /* OP_VERNOTIF.swift in Sources */ = {isa = PBXBuildFile; fileRef = 65DD5EF9278570AB002C9CA0 /* OP_VERNOTIF.swift */; };
		65DD5EFD2785713C002C9CA0 /* OP_CHECKLOCKTIMEVERIFY.swift in Sources */ = {isa = PBXBuildFile; fileRef = 65DD5EFC2785713C002C9CA0 /* OP_CHECKLOCKTIMEVERIFY.swift */; };
		65DD5EFF2785722B002C9CA0 /* OP_CHECKSEQUENCEVERIFY.swift in Sources */ = {isa = PBXBuildFile; fileRef = 65DD5EFE2785722B002C9CA0 /* OP_CHECKSEQUENCEVERIFY.swift */; };
		65DD5F02278572B6002C9CA0 /* OP_INVALIDOPCODE.swift in Sources */ = {isa = PBXBuildFile; fileRef = 65DD5F01278572B6002C9CA0 /* OP_INVALIDOPCODE.swift */; };
		65DD5F04278572E8002C9CA0 /* OP_PUBKEY.swift in Sources */ = {isa = PBXBuildFile; fileRef = 65DD5F03278572E8002C9CA0 /* OP_PUBKEY.swift */; };
		65DD5F0627857302002C9CA0 /* OP_PUBKEYHASH.swift in Sources */ = {isa = PBXBuildFile; fileRef = 65DD5F0527857302002C9CA0 /* OP_PUBKEYHASH.swift */; };
		65DD5F0927857333002C9CA0 /* OP_0.swift in Sources */ = {isa = PBXBuildFile; fileRef = 65DD5F0827857333002C9CA0 /* OP_0.swift */; };
		65DD5F0B2785741A002C9CA0 /* OP_1NEGATE.swift in Sources */ = {isa = PBXBuildFile; fileRef = 65DD5F0A2785741A002C9CA0 /* OP_1NEGATE.swift */; };
		65DD5F0D2785744C002C9CA0 /* OP_N.swift in Sources */ = {isa = PBXBuildFile; fileRef = 65DD5F0C2785744C002C9CA0 /* OP_N.swift */; };
		65DD5F0F27857497002C9CA0 /* OP_PUSHDATA.swift in Sources */ = {isa = PBXBuildFile; fileRef = 65DD5F0E27857497002C9CA0 /* OP_PUSHDATA.swift */; };
		65DD5F11278574F1002C9CA0 /* OP_RESERVED.swift in Sources */ = {isa = PBXBuildFile; fileRef = 65DD5F10278574F1002C9CA0 /* OP_RESERVED.swift */; };
		65DD5F142785751F002C9CA0 /* OP_NOPN.swift in Sources */ = {isa = PBXBuildFile; fileRef = 65DD5F132785751F002C9CA0 /* OP_NOPN.swift */; };
		65DD5F1727857584002C9CA0 /* OP_BIN2NUM.swift in Sources */ = {isa = PBXBuildFile; fileRef = 65DD5F1627857584002C9CA0 /* OP_BIN2NUM.swift */; };
		65DD5F19278575AA002C9CA0 /* OP_CAT.swift in Sources */ = {isa = PBXBuildFile; fileRef = 65DD5F18278575AA002C9CA0 /* OP_CAT.swift */; };
		65DD5F1B278575EC002C9CA0 /* OP_NUM2BIN.swift in Sources */ = {isa = PBXBuildFile; fileRef = 65DD5F1A278575EC002C9CA0 /* OP_NUM2BIN.swift */; };
		65DD5F1D2785760E002C9CA0 /* OP_SIZE.swift in Sources */ = {isa = PBXBuildFile; fileRef = 65DD5F1C2785760E002C9CA0 /* OP_SIZE.swift */; };
		65DD5F1F27857625002C9CA0 /* OP_SPLIT.swift in Sources */ = {isa = PBXBuildFile; fileRef = 65DD5F1E27857625002C9CA0 /* OP_SPLIT.swift */; };
		65DD5F2227857667002C9CA0 /* OP_2DROP.swift in Sources */ = {isa = PBXBuildFile; fileRef = 65DD5F2127857667002C9CA0 /* OP_2DROP.swift */; };
		65DD5F24278579AB002C9CA0 /* OP_2DUP.swift in Sources */ = {isa = PBXBuildFile; fileRef = 65DD5F23278579AB002C9CA0 /* OP_2DUP.swift */; };
		65DD5F2627857A05002C9CA0 /* OP_2OVER.swift in Sources */ = {isa = PBXBuildFile; fileRef = 65DD5F2527857A05002C9CA0 /* OP_2OVER.swift */; };
		65DD5F2827857A24002C9CA0 /* OP_2ROT.swift in Sources */ = {isa = PBXBuildFile; fileRef = 65DD5F2727857A24002C9CA0 /* OP_2ROT.swift */; };
		65DD5F2A27857A3E002C9CA0 /* OP_2SWAP.swift in Sources */ = {isa = PBXBuildFile; fileRef = 65DD5F2927857A3E002C9CA0 /* OP_2SWAP.swift */; };
		65DD5F2C27857A8B002C9CA0 /* OP_3DUP.swift in Sources */ = {isa = PBXBuildFile; fileRef = 65DD5F2B27857A8B002C9CA0 /* OP_3DUP.swift */; };
		65DD5F2E27857AA1002C9CA0 /* OP_DEPTH.swift in Sources */ = {isa = PBXBuildFile; fileRef = 65DD5F2D27857AA1002C9CA0 /* OP_DEPTH.swift */; };
		65DD5F3027857AD2002C9CA0 /* OP_DROP.swift in Sources */ = {isa = PBXBuildFile; fileRef = 65DD5F2F27857AD2002C9CA0 /* OP_DROP.swift */; };
		65DD5F3227857B19002C9CA0 /* OP_DUP.swift in Sources */ = {isa = PBXBuildFile; fileRef = 65DD5F3127857B19002C9CA0 /* OP_DUP.swift */; };
		65DD5F3427857B3A002C9CA0 /* OP_FROMALTSTACK.swift in Sources */ = {isa = PBXBuildFile; fileRef = 65DD5F3327857B3A002C9CA0 /* OP_FROMALTSTACK.swift */; };
		65DD5F3627857B60002C9CA0 /* OP_IFDUP.swift in Sources */ = {isa = PBXBuildFile; fileRef = 65DD5F3527857B60002C9CA0 /* OP_IFDUP.swift */; };
		65DD5F3827857B96002C9CA0 /* OP_NIP.swift in Sources */ = {isa = PBXBuildFile; fileRef = 65DD5F3727857B96002C9CA0 /* OP_NIP.swift */; };
		65DD5F3A27857C18002C9CA0 /* OP_OVER.swift in Sources */ = {isa = PBXBuildFile; fileRef = 65DD5F3927857C18002C9CA0 /* OP_OVER.swift */; };
		65DD5F3C27857C32002C9CA0 /* OP_PICK.swift in Sources */ = {isa = PBXBuildFile; fileRef = 65DD5F3B27857C32002C9CA0 /* OP_PICK.swift */; };
		65DD5F3E27857C4E002C9CA0 /* OP_ROLL.swift in Sources */ = {isa = PBXBuildFile; fileRef = 65DD5F3D27857C4E002C9CA0 /* OP_ROLL.swift */; };
		65DD5F4027857C68002C9CA0 /* OP_ROT.swift in Sources */ = {isa = PBXBuildFile; fileRef = 65DD5F3F27857C68002C9CA0 /* OP_ROT.swift */; };
		65DD5F4227857C7F002C9CA0 /* OP_SWAP.swift in Sources */ = {isa = PBXBuildFile; fileRef = 65DD5F4127857C7F002C9CA0 /* OP_SWAP.swift */; };
		65DD5F4427857C96002C9CA0 /* OP_TOTALSTACK.swift in Sources */ = {isa = PBXBuildFile; fileRef = 65DD5F4327857C96002C9CA0 /* OP_TOTALSTACK.swift */; };
		65DD5F4627857CAC002C9CA0 /* OP_TUCK.swift in Sources */ = {isa = PBXBuildFile; fileRef = 65DD5F4527857CAC002C9CA0 /* OP_TUCK.swift */; };
		65DD5F4A27858CFD002C9CA0 /* ScriptChunk.swift in Sources */ = {isa = PBXBuildFile; fileRef = 65DD5F4927858CFD002C9CA0 /* ScriptChunk.swift */; };
		65DD5F4E2785A058002C9CA0 /* Script+Static.swift in Sources */ = {isa = PBXBuildFile; fileRef = 65DD5F4D2785A058002C9CA0 /* Script+Static.swift */; };
		65DD5F502785A3DB002C9CA0 /* OPCode+Static.swift in Sources */ = {isa = PBXBuildFile; fileRef = 65DD5F4F2785A3DB002C9CA0 /* OPCode+Static.swift */; };
		65DD5F5227872875002C9CA0 /* Point+Static.swift in Sources */ = {isa = PBXBuildFile; fileRef = 65DD5F5127872875002C9CA0 /* Point+Static.swift */; };
		65DD5F5427873693002C9CA0 /* SigHashType.swift in Sources */ = {isa = PBXBuildFile; fileRef = 65DD5F5327873693002C9CA0 /* SigHashType.swift */; };
		65DD5F5627873813002C9CA0 /* SignatureHash.swift in Sources */ = {isa = PBXBuildFile; fileRef = 65DD5F5527873813002C9CA0 /* SignatureHash.swift */; };
/* End PBXBuildFile section */

/* Begin PBXContainerItemProxy section */
		6507724F274F7E23006500C1 /* PBXContainerItemProxy */ = {
			isa = PBXContainerItemProxy;
			containerPortal = 6507723B274F7E23006500C1 /* Project object */;
			proxyType = 1;
			remoteGlobalIDString = 65077243274F7E23006500C1;
			remoteInfo = BitCore;
		};
/* End PBXContainerItemProxy section */

/* Begin PBXFileReference section */
		65077244274F7E23006500C1 /* BitCore.framework */ = {isa = PBXFileReference; explicitFileType = wrapper.framework; includeInIndex = 0; path = BitCore.framework; sourceTree = BUILT_PRODUCTS_DIR; };
		65077247274F7E23006500C1 /* BitCore.h */ = {isa = PBXFileReference; lastKnownFileType = sourcecode.c.h; path = BitCore.h; sourceTree = "<group>"; };
		65077248274F7E23006500C1 /* Info.plist */ = {isa = PBXFileReference; lastKnownFileType = text.plist.xml; path = Info.plist; sourceTree = "<group>"; };
		6507724D274F7E23006500C1 /* BitCoreTests.xctest */ = {isa = PBXFileReference; explicitFileType = wrapper.cfbundle; includeInIndex = 0; path = BitCoreTests.xctest; sourceTree = BUILT_PRODUCTS_DIR; };
		65077252274F7E23006500C1 /* BitCoreTests.swift */ = {isa = PBXFileReference; lastKnownFileType = sourcecode.swift; path = BitCoreTests.swift; sourceTree = "<group>"; };
		65077254274F7E23006500C1 /* Info.plist */ = {isa = PBXFileReference; lastKnownFileType = text.plist.xml; path = Info.plist; sourceTree = "<group>"; };
		65077260274F7F36006500C1 /* BitCoreError.swift */ = {isa = PBXFileReference; lastKnownFileType = sourcecode.swift; path = BitCoreError.swift; sourceTree = "<group>"; };
		657BD52B2772CE5B00B8E0D5 /* Base58.swift */ = {isa = PBXFileReference; lastKnownFileType = sourcecode.swift; path = Base58.swift; sourceTree = "<group>"; };
		657BD5362772FC4F00B8E0D5 /* SecureRandom.swift */ = {isa = PBXFileReference; lastKnownFileType = sourcecode.swift; path = SecureRandom.swift; sourceTree = "<group>"; };
		657BD5382772FD1600B8E0D5 /* Status.swift */ = {isa = PBXFileReference; lastKnownFileType = sourcecode.swift; path = Status.swift; sourceTree = "<group>"; };
		657BD53A2772FE2000B8E0D5 /* BigNumber.swift */ = {isa = PBXFileReference; lastKnownFileType = sourcecode.swift; path = BigNumber.swift; sourceTree = "<group>"; };
		657BD53D27730C3D00B8E0D5 /* Array.swift */ = {isa = PBXFileReference; lastKnownFileType = sourcecode.swift; path = Array.swift; sourceTree = "<group>"; };
		657BD53F27730D8000B8E0D5 /* Data.swift */ = {isa = PBXFileReference; lastKnownFileType = sourcecode.swift; path = Data.swift; sourceTree = "<group>"; };
		657BD541277320DE00B8E0D5 /* String.swift */ = {isa = PBXFileReference; lastKnownFileType = sourcecode.swift; path = String.swift; sourceTree = "<group>"; };
		657BD5452773238700B8E0D5 /* Base58Tests.swift */ = {isa = PBXFileReference; lastKnownFileType = sourcecode.swift; path = Base58Tests.swift; sourceTree = "<group>"; };
		657BD5472773373800B8E0D5 /* Base58Check.swift */ = {isa = PBXFileReference; lastKnownFileType = sourcecode.swift; path = Base58Check.swift; sourceTree = "<group>"; };
		657BD54A27741DAD00B8E0D5 /* RIPEMD160.swift */ = {isa = PBXFileReference; lastKnownFileType = sourcecode.swift; path = RIPEMD160.swift; sourceTree = "<group>"; };
		657BD54C27741F7200B8E0D5 /* Macros.swift */ = {isa = PBXFileReference; lastKnownFileType = sourcecode.swift; path = Macros.swift; sourceTree = "<group>"; };
		657BD54F27742D8700B8E0D5 /* Crypto.swift */ = {isa = PBXFileReference; lastKnownFileType = sourcecode.swift; path = Crypto.swift; sourceTree = "<group>"; };
		657BD5512774502E00B8E0D5 /* Serialization.swift */ = {isa = PBXFileReference; lastKnownFileType = sourcecode.swift; path = Serialization.swift; sourceTree = "<group>"; };
		657BD55327748E6B00B8E0D5 /* RangeReplaceableCollection.swift */ = {isa = PBXFileReference; lastKnownFileType = sourcecode.swift; path = RangeReplaceableCollection.swift; sourceTree = "<group>"; };
		657BD5552775658F00B8E0D5 /* RIPEMD160Tests.swift */ = {isa = PBXFileReference; lastKnownFileType = sourcecode.swift; path = RIPEMD160Tests.swift; sourceTree = "<group>"; };
		657BD557277566FB00B8E0D5 /* SHA2Tests.swift */ = {isa = PBXFileReference; lastKnownFileType = sourcecode.swift; path = SHA2Tests.swift; sourceTree = "<group>"; };
		657BD55927759D1300B8E0D5 /* Base58CheckTests.swift */ = {isa = PBXFileReference; lastKnownFileType = sourcecode.swift; path = Base58CheckTests.swift; sourceTree = "<group>"; };
		657BD55B2775AA1F00B8E0D5 /* Bech32.swift */ = {isa = PBXFileReference; lastKnownFileType = sourcecode.swift; path = Bech32.swift; sourceTree = "<group>"; };
		657BD55E2775B12400B8E0D5 /* EllipticCurve.swift */ = {isa = PBXFileReference; lastKnownFileType = sourcecode.swift; path = EllipticCurve.swift; sourceTree = "<group>"; };
		657BD5602775B90C00B8E0D5 /* Secp256k1.swift */ = {isa = PBXFileReference; lastKnownFileType = sourcecode.swift; path = Secp256k1.swift; sourceTree = "<group>"; };
		657BD5632775C04900B8E0D5 /* MathTests.swift */ = {isa = PBXFileReference; lastKnownFileType = sourcecode.swift; path = MathTests.swift; sourceTree = "<group>"; };
		657BD5652775C50700B8E0D5 /* Math.swift */ = {isa = PBXFileReference; lastKnownFileType = sourcecode.swift; path = Math.swift; sourceTree = "<group>"; };
		657BD5672775D30000B8E0D5 /* EllipticCurvePoint.swift */ = {isa = PBXFileReference; lastKnownFileType = sourcecode.swift; path = EllipticCurvePoint.swift; sourceTree = "<group>"; };
		657BD5692775D6FE00B8E0D5 /* Point.swift */ = {isa = PBXFileReference; lastKnownFileType = sourcecode.swift; path = Point.swift; sourceTree = "<group>"; };
		657BD56B2779911300B8E0D5 /* Signature.swift */ = {isa = PBXFileReference; lastKnownFileType = sourcecode.swift; path = Signature.swift; sourceTree = "<group>"; };
		657BD56D2779968000B8E0D5 /* DER.swift */ = {isa = PBXFileReference; lastKnownFileType = sourcecode.swift; path = DER.swift; sourceTree = "<group>"; };
		657BD56F27799EE600B8E0D5 /* DERTests.swift */ = {isa = PBXFileReference; lastKnownFileType = sourcecode.swift; path = DERTests.swift; sourceTree = "<group>"; };
		657BD5722779AF4000B8E0D5 /* PrivateKey.swift */ = {isa = PBXFileReference; lastKnownFileType = sourcecode.swift; path = PrivateKey.swift; sourceTree = "<group>"; };
		657BD5742779B5F700B8E0D5 /* Network.swift */ = {isa = PBXFileReference; lastKnownFileType = sourcecode.swift; path = Network.swift; sourceTree = "<group>"; };
		657BD5762779B6AB00B8E0D5 /* CoinType.swift */ = {isa = PBXFileReference; lastKnownFileType = sourcecode.swift; path = CoinType.swift; sourceTree = "<group>"; };
		657BD5782779D2DD00B8E0D5 /* PrivateKeyTests.swift */ = {isa = PBXFileReference; lastKnownFileType = sourcecode.swift; path = PrivateKeyTests.swift; sourceTree = "<group>"; };
		657BD57A277AAAFF00B8E0D5 /* Message.swift */ = {isa = PBXFileReference; lastKnownFileType = sourcecode.swift; path = Message.swift; sourceTree = "<group>"; };
		657BD57C277B20BC00B8E0D5 /* PublicKey.swift */ = {isa = PBXFileReference; lastKnownFileType = sourcecode.swift; path = PublicKey.swift; sourceTree = "<group>"; };
		657BD616277C450A00B8E0D5 /* BitcoinAddress.swift */ = {isa = PBXFileReference; lastKnownFileType = sourcecode.swift; path = BitcoinAddress.swift; sourceTree = "<group>"; };
		65A58C292787F1E400F73E40 /* ECDSA.swift */ = {isa = PBXFileReference; lastKnownFileType = sourcecode.swift; path = ECDSA.swift; sourceTree = "<group>"; };
		65A58C2B278967DD00F73E40 /* OPCodeTests.swift */ = {isa = PBXFileReference; lastKnownFileType = sourcecode.swift; path = OPCodeTests.swift; sourceTree = "<group>"; };
		65A58C2D278B1C4B00F73E40 /* ScriptTests.swift */ = {isa = PBXFileReference; lastKnownFileType = sourcecode.swift; path = ScriptTests.swift; sourceTree = "<group>"; };
		65A58C2F278C0CDE00F73E40 /* TransactionTests.swift */ = {isa = PBXFileReference; lastKnownFileType = sourcecode.swift; path = TransactionTests.swift; sourceTree = "<group>"; };
		65A58C33278D5A4900F73E40 /* ScriptMachine.swift */ = {isa = PBXFileReference; lastKnownFileType = sourcecode.swift; path = ScriptMachine.swift; sourceTree = "<group>"; };
		65A58C35278D67F900F73E40 /* ScriptMachineTests.swift */ = {isa = PBXFileReference; lastKnownFileType = sourcecode.swift; path = ScriptMachineTests.swift; sourceTree = "<group>"; };
		65DD5DC7277C5F31002C9CA0 /* PublicKey+Address.swift */ = {isa = PBXFileReference; lastKnownFileType = sourcecode.swift; path = "PublicKey+Address.swift"; sourceTree = "<group>"; };
		65DD5DC9277C5FAE002C9CA0 /* PublicKeyTests.swift */ = {isa = PBXFileReference; lastKnownFileType = sourcecode.swift; path = PublicKeyTests.swift; sourceTree = "<group>"; };
		65DD5DCC277C639A002C9CA0 /* Transaction.swift */ = {isa = PBXFileReference; lastKnownFileType = sourcecode.swift; path = Transaction.swift; sourceTree = "<group>"; };
		65DD5DCE277C63A8002C9CA0 /* TransactionInput.swift */ = {isa = PBXFileReference; lastKnownFileType = sourcecode.swift; path = TransactionInput.swift; sourceTree = "<group>"; };
		65DD5DD0277C63DD002C9CA0 /* TransactionOutput.swift */ = {isa = PBXFileReference; lastKnownFileType = sourcecode.swift; path = TransactionOutput.swift; sourceTree = "<group>"; };
		65DD5DD3277C68A9002C9CA0 /* Script.swift */ = {isa = PBXFileReference; lastKnownFileType = sourcecode.swift; path = Script.swift; sourceTree = "<group>"; };
		65DD5DD6277C6D44002C9CA0 /* OPCode.swift */ = {isa = PBXFileReference; lastKnownFileType = sourcecode.swift; path = OPCode.swift; sourceTree = "<group>"; };
		65DD5DD8277C7018002C9CA0 /* VarInt.swift */ = {isa = PBXFileReference; lastKnownFileType = sourcecode.swift; path = VarInt.swift; sourceTree = "<group>"; };
		65DD5E66277D5CDE002C9CA0 /* OpCodeType.swift */ = {isa = PBXFileReference; lastKnownFileType = sourcecode.swift; path = OpCodeType.swift; sourceTree = "<group>"; };
		65DD5E72277D854E002C9CA0 /* MerkleTree.swift */ = {isa = PBXFileReference; lastKnownFileType = sourcecode.swift; path = MerkleTree.swift; sourceTree = "<group>"; };
		65DD5E75277DA108002C9CA0 /* MerkleTree+Operation.swift */ = {isa = PBXFileReference; lastKnownFileType = sourcecode.swift; path = "MerkleTree+Operation.swift"; sourceTree = "<group>"; };
		65DD5E77277DAB1B002C9CA0 /* MerkleTreeTests.swift */ = {isa = PBXFileReference; lastKnownFileType = sourcecode.swift; path = MerkleTreeTests.swift; sourceTree = "<group>"; };
		65DD5E79277DC909002C9CA0 /* Helper.swift */ = {isa = PBXFileReference; lastKnownFileType = sourcecode.swift; path = Helper.swift; sourceTree = "<group>"; };
		65DD5E7C277E061A002C9CA0 /* MerkleBlock.swift */ = {isa = PBXFileReference; lastKnownFileType = sourcecode.swift; path = MerkleBlock.swift; sourceTree = "<group>"; };
		65DD5E7E277E0881002C9CA0 /* ByteStream.swift */ = {isa = PBXFileReference; lastKnownFileType = sourcecode.swift; path = ByteStream.swift; sourceTree = "<group>"; };
		65DD5E80277EA86D002C9CA0 /* MerkleBlockTests.swift */ = {isa = PBXFileReference; lastKnownFileType = sourcecode.swift; path = MerkleBlockTests.swift; sourceTree = "<group>"; };
		65DD5E822783EA54002C9CA0 /* Block.swift */ = {isa = PBXFileReference; lastKnownFileType = sourcecode.swift; path = Block.swift; sourceTree = "<group>"; };
		65DD5E842783FC3A002C9CA0 /* BlockTests.swift */ = {isa = PBXFileReference; lastKnownFileType = sourcecode.swift; path = BlockTests.swift; sourceTree = "<group>"; };
		65DD5E86278458A0002C9CA0 /* ScriptExecutionContext.swift */ = {isa = PBXFileReference; lastKnownFileType = sourcecode.swift; path = ScriptExecutionContext.swift; sourceTree = "<group>"; };
		65DD5E8A27845CC9002C9CA0 /* OP_0NOTEQUAL.swift */ = {isa = PBXFileReference; lastKnownFileType = sourcecode.swift; path = OP_0NOTEQUAL.swift; sourceTree = "<group>"; };
		65DD5E8C27853CB8002C9CA0 /* OP_1ADD.swift */ = {isa = PBXFileReference; lastKnownFileType = sourcecode.swift; path = OP_1ADD.swift; sourceTree = "<group>"; };
		65DD5E8E27853D0D002C9CA0 /* OP_1SUB.swift */ = {isa = PBXFileReference; lastKnownFileType = sourcecode.swift; path = OP_1SUB.swift; sourceTree = "<group>"; };
		65DD5E9027853D61002C9CA0 /* OP_2DIV.swift */ = {isa = PBXFileReference; lastKnownFileType = sourcecode.swift; path = OP_2DIV.swift; sourceTree = "<group>"; };
		65DD5E9227853F31002C9CA0 /* OP_2MUL.swift */ = {isa = PBXFileReference; lastKnownFileType = sourcecode.swift; path = OP_2MUL.swift; sourceTree = "<group>"; };
		65DD5E942785443D002C9CA0 /* OP_ABS.swift */ = {isa = PBXFileReference; lastKnownFileType = sourcecode.swift; path = OP_ABS.swift; sourceTree = "<group>"; };
		65DD5E9627854469002C9CA0 /* OP_ADD.swift */ = {isa = PBXFileReference; lastKnownFileType = sourcecode.swift; path = OP_ADD.swift; sourceTree = "<group>"; };
		65DD5E9827854686002C9CA0 /* OP_BOOLAND.swift */ = {isa = PBXFileReference; lastKnownFileType = sourcecode.swift; path = OP_BOOLAND.swift; sourceTree = "<group>"; };
		65DD5E9A2785478B002C9CA0 /* OP_BOOLOR.swift */ = {isa = PBXFileReference; lastKnownFileType = sourcecode.swift; path = OP_BOOLOR.swift; sourceTree = "<group>"; };
		65DD5E9C278547D8002C9CA0 /* OP_DIV.swift */ = {isa = PBXFileReference; lastKnownFileType = sourcecode.swift; path = OP_DIV.swift; sourceTree = "<group>"; };
		65DD5E9E278548A9002C9CA0 /* OP_GREATERTHAN.swift */ = {isa = PBXFileReference; lastKnownFileType = sourcecode.swift; path = OP_GREATERTHAN.swift; sourceTree = "<group>"; };
		65DD5EA0278548E6002C9CA0 /* OP_GREATERTHANOREQUAL.swift */ = {isa = PBXFileReference; lastKnownFileType = sourcecode.swift; path = OP_GREATERTHANOREQUAL.swift; sourceTree = "<group>"; };
		65DD5EA227854910002C9CA0 /* OP_LESSTHAN.swift */ = {isa = PBXFileReference; lastKnownFileType = sourcecode.swift; path = OP_LESSTHAN.swift; sourceTree = "<group>"; };
		65DD5EA42785493D002C9CA0 /* OP_LESSTHANOREQUAL.swift */ = {isa = PBXFileReference; lastKnownFileType = sourcecode.swift; path = OP_LESSTHANOREQUAL.swift; sourceTree = "<group>"; };
		65DD5EA627854991002C9CA0 /* OP_LSHIFT.swift */ = {isa = PBXFileReference; lastKnownFileType = sourcecode.swift; path = OP_LSHIFT.swift; sourceTree = "<group>"; };
		65DD5EA8278549C4002C9CA0 /* OP_MAX.swift */ = {isa = PBXFileReference; lastKnownFileType = sourcecode.swift; path = OP_MAX.swift; sourceTree = "<group>"; };
		65DD5EAA27854A1A002C9CA0 /* OP_MIN.swift */ = {isa = PBXFileReference; lastKnownFileType = sourcecode.swift; path = OP_MIN.swift; sourceTree = "<group>"; };
		65DD5EAC27854A37002C9CA0 /* OP_MOD.swift */ = {isa = PBXFileReference; lastKnownFileType = sourcecode.swift; path = OP_MOD.swift; sourceTree = "<group>"; };
		65DD5EAE27854A51002C9CA0 /* OP_MUL.swift */ = {isa = PBXFileReference; lastKnownFileType = sourcecode.swift; path = OP_MUL.swift; sourceTree = "<group>"; };
		65DD5EB027854A83002C9CA0 /* OP_NEGATE.swift */ = {isa = PBXFileReference; lastKnownFileType = sourcecode.swift; path = OP_NEGATE.swift; sourceTree = "<group>"; };
		65DD5EB227854AB1002C9CA0 /* OP_NOT.swift */ = {isa = PBXFileReference; lastKnownFileType = sourcecode.swift; path = OP_NOT.swift; sourceTree = "<group>"; };
		65DD5EB427854AF8002C9CA0 /* OP_NUMEQUAL.swift */ = {isa = PBXFileReference; lastKnownFileType = sourcecode.swift; path = OP_NUMEQUAL.swift; sourceTree = "<group>"; };
		65DD5EB627854B2E002C9CA0 /* OP_NUMEQUALVERIFY.swift */ = {isa = PBXFileReference; lastKnownFileType = sourcecode.swift; path = OP_NUMEQUALVERIFY.swift; sourceTree = "<group>"; };
		65DD5EB827854BA6002C9CA0 /* OP_NUMNOTEQUAL.swift */ = {isa = PBXFileReference; lastKnownFileType = sourcecode.swift; path = OP_NUMNOTEQUAL.swift; sourceTree = "<group>"; };
		65DD5EBA27854BC6002C9CA0 /* OP_RSHIFT.swift */ = {isa = PBXFileReference; lastKnownFileType = sourcecode.swift; path = OP_RSHIFT.swift; sourceTree = "<group>"; };
		65DD5EBC27854C0B002C9CA0 /* OP_SUB.swift */ = {isa = PBXFileReference; lastKnownFileType = sourcecode.swift; path = OP_SUB.swift; sourceTree = "<group>"; };
		65DD5EBE27854C24002C9CA0 /* OP_WITHIN.swift */ = {isa = PBXFileReference; lastKnownFileType = sourcecode.swift; path = OP_WITHIN.swift; sourceTree = "<group>"; };
		65DD5EC127854CAC002C9CA0 /* OP_AND.swift */ = {isa = PBXFileReference; lastKnownFileType = sourcecode.swift; path = OP_AND.swift; sourceTree = "<group>"; };
		65DD5EC327854CC9002C9CA0 /* OP_EQUAL.swift */ = {isa = PBXFileReference; lastKnownFileType = sourcecode.swift; path = OP_EQUAL.swift; sourceTree = "<group>"; };
		65DD5EC527854D1A002C9CA0 /* OP_EQUALVERIFY.swift */ = {isa = PBXFileReference; lastKnownFileType = sourcecode.swift; path = OP_EQUALVERIFY.swift; sourceTree = "<group>"; };
		65DD5EC727854D33002C9CA0 /* OP_INVERT.swift */ = {isa = PBXFileReference; lastKnownFileType = sourcecode.swift; path = OP_INVERT.swift; sourceTree = "<group>"; };
		65DD5EC927854DB3002C9CA0 /* OP_OR.swift */ = {isa = PBXFileReference; lastKnownFileType = sourcecode.swift; path = OP_OR.swift; sourceTree = "<group>"; };
		65DD5ECB27854DDC002C9CA0 /* OP_RESERVED1.swift */ = {isa = PBXFileReference; lastKnownFileType = sourcecode.swift; path = OP_RESERVED1.swift; sourceTree = "<group>"; };
		65DD5ECD27854E00002C9CA0 /* OP_RESERVED2.swift */ = {isa = PBXFileReference; lastKnownFileType = sourcecode.swift; path = OP_RESERVED2.swift; sourceTree = "<group>"; };
		65DD5ECF27854E1C002C9CA0 /* OP_XOR.swift */ = {isa = PBXFileReference; lastKnownFileType = sourcecode.swift; path = OP_XOR.swift; sourceTree = "<group>"; };
		65DD5ED227854EA3002C9CA0 /* OP_CHECKMULTISIG.swift */ = {isa = PBXFileReference; lastKnownFileType = sourcecode.swift; path = OP_CHECKMULTISIG.swift; sourceTree = "<group>"; };
		65DD5ED427854EC6002C9CA0 /* OP_CHECKMULTISIGVERIFY.swift */ = {isa = PBXFileReference; lastKnownFileType = sourcecode.swift; path = OP_CHECKMULTISIGVERIFY.swift; sourceTree = "<group>"; };
		65DD5ED627854EF9002C9CA0 /* OP_CHECKSIG.swift */ = {isa = PBXFileReference; lastKnownFileType = sourcecode.swift; path = OP_CHECKSIG.swift; sourceTree = "<group>"; };
		65DD5ED827856B03002C9CA0 /* OP_CHECKSIGVERIFY.swift */ = {isa = PBXFileReference; lastKnownFileType = sourcecode.swift; path = OP_CHECKSIGVERIFY.swift; sourceTree = "<group>"; };
		65DD5EDA27856B23002C9CA0 /* OP_CODESEPARATOR.swift */ = {isa = PBXFileReference; lastKnownFileType = sourcecode.swift; path = OP_CODESEPARATOR.swift; sourceTree = "<group>"; };
		65DD5EDC27856B54002C9CA0 /* OP_HASH160.swift */ = {isa = PBXFileReference; lastKnownFileType = sourcecode.swift; path = OP_HASH160.swift; sourceTree = "<group>"; };
		65DD5EDE27856B72002C9CA0 /* OP_HASH256.swift */ = {isa = PBXFileReference; lastKnownFileType = sourcecode.swift; path = OP_HASH256.swift; sourceTree = "<group>"; };
		65DD5EE027856B8B002C9CA0 /* OP_RIPEMD160.swift */ = {isa = PBXFileReference; lastKnownFileType = sourcecode.swift; path = OP_RIPEMD160.swift; sourceTree = "<group>"; };
		65DD5EE227856BA3002C9CA0 /* OP_SHA1.swift */ = {isa = PBXFileReference; lastKnownFileType = sourcecode.swift; path = OP_SHA1.swift; sourceTree = "<group>"; };
		65DD5EE427856BBB002C9CA0 /* OP_SHA256.swift */ = {isa = PBXFileReference; lastKnownFileType = sourcecode.swift; path = OP_SHA256.swift; sourceTree = "<group>"; };
		65DD5EE727856C30002C9CA0 /* OP_ELSE.swift */ = {isa = PBXFileReference; lastKnownFileType = sourcecode.swift; path = OP_ELSE.swift; sourceTree = "<group>"; };
		65DD5EE927856D54002C9CA0 /* OP_ENDIF.swift */ = {isa = PBXFileReference; lastKnownFileType = sourcecode.swift; path = OP_ENDIF.swift; sourceTree = "<group>"; };
		65DD5EEB27856D99002C9CA0 /* OP_IF.swift */ = {isa = PBXFileReference; lastKnownFileType = sourcecode.swift; path = OP_IF.swift; sourceTree = "<group>"; };
		65DD5EED27856ED7002C9CA0 /* OP_NOP.swift */ = {isa = PBXFileReference; lastKnownFileType = sourcecode.swift; path = OP_NOP.swift; sourceTree = "<group>"; };
		65DD5EEF27856F41002C9CA0 /* OP_NOTIF.swift */ = {isa = PBXFileReference; lastKnownFileType = sourcecode.swift; path = OP_NOTIF.swift; sourceTree = "<group>"; };
		65DD5EF127856F6A002C9CA0 /* OP_RETURN.swift */ = {isa = PBXFileReference; lastKnownFileType = sourcecode.swift; path = OP_RETURN.swift; sourceTree = "<group>"; };
		65DD5EF327856FF5002C9CA0 /* OP_VER.swift */ = {isa = PBXFileReference; lastKnownFileType = sourcecode.swift; path = OP_VER.swift; sourceTree = "<group>"; };
		65DD5EF52785704F002C9CA0 /* OP_VERIF.swift */ = {isa = PBXFileReference; lastKnownFileType = sourcecode.swift; path = OP_VERIF.swift; sourceTree = "<group>"; };
		65DD5EF727857092002C9CA0 /* OP_VERIFY.swift */ = {isa = PBXFileReference; lastKnownFileType = sourcecode.swift; path = OP_VERIFY.swift; sourceTree = "<group>"; };
		65DD5EF9278570AB002C9CA0 /* OP_VERNOTIF.swift */ = {isa = PBXFileReference; lastKnownFileType = sourcecode.swift; path = OP_VERNOTIF.swift; sourceTree = "<group>"; };
		65DD5EFC2785713C002C9CA0 /* OP_CHECKLOCKTIMEVERIFY.swift */ = {isa = PBXFileReference; lastKnownFileType = sourcecode.swift; path = OP_CHECKLOCKTIMEVERIFY.swift; sourceTree = "<group>"; };
		65DD5EFE2785722B002C9CA0 /* OP_CHECKSEQUENCEVERIFY.swift */ = {isa = PBXFileReference; lastKnownFileType = sourcecode.swift; path = OP_CHECKSEQUENCEVERIFY.swift; sourceTree = "<group>"; };
		65DD5F01278572B6002C9CA0 /* OP_INVALIDOPCODE.swift */ = {isa = PBXFileReference; lastKnownFileType = sourcecode.swift; path = OP_INVALIDOPCODE.swift; sourceTree = "<group>"; };
		65DD5F03278572E8002C9CA0 /* OP_PUBKEY.swift */ = {isa = PBXFileReference; lastKnownFileType = sourcecode.swift; path = OP_PUBKEY.swift; sourceTree = "<group>"; };
		65DD5F0527857302002C9CA0 /* OP_PUBKEYHASH.swift */ = {isa = PBXFileReference; lastKnownFileType = sourcecode.swift; path = OP_PUBKEYHASH.swift; sourceTree = "<group>"; };
		65DD5F0827857333002C9CA0 /* OP_0.swift */ = {isa = PBXFileReference; lastKnownFileType = sourcecode.swift; path = OP_0.swift; sourceTree = "<group>"; };
		65DD5F0A2785741A002C9CA0 /* OP_1NEGATE.swift */ = {isa = PBXFileReference; lastKnownFileType = sourcecode.swift; path = OP_1NEGATE.swift; sourceTree = "<group>"; };
		65DD5F0C2785744C002C9CA0 /* OP_N.swift */ = {isa = PBXFileReference; lastKnownFileType = sourcecode.swift; path = OP_N.swift; sourceTree = "<group>"; };
		65DD5F0E27857497002C9CA0 /* OP_PUSHDATA.swift */ = {isa = PBXFileReference; lastKnownFileType = sourcecode.swift; path = OP_PUSHDATA.swift; sourceTree = "<group>"; };
		65DD5F10278574F1002C9CA0 /* OP_RESERVED.swift */ = {isa = PBXFileReference; lastKnownFileType = sourcecode.swift; path = OP_RESERVED.swift; sourceTree = "<group>"; };
		65DD5F132785751F002C9CA0 /* OP_NOPN.swift */ = {isa = PBXFileReference; lastKnownFileType = sourcecode.swift; path = OP_NOPN.swift; sourceTree = "<group>"; };
		65DD5F1627857584002C9CA0 /* OP_BIN2NUM.swift */ = {isa = PBXFileReference; lastKnownFileType = sourcecode.swift; path = OP_BIN2NUM.swift; sourceTree = "<group>"; };
		65DD5F18278575AA002C9CA0 /* OP_CAT.swift */ = {isa = PBXFileReference; lastKnownFileType = sourcecode.swift; path = OP_CAT.swift; sourceTree = "<group>"; };
		65DD5F1A278575EC002C9CA0 /* OP_NUM2BIN.swift */ = {isa = PBXFileReference; lastKnownFileType = sourcecode.swift; path = OP_NUM2BIN.swift; sourceTree = "<group>"; };
		65DD5F1C2785760E002C9CA0 /* OP_SIZE.swift */ = {isa = PBXFileReference; lastKnownFileType = sourcecode.swift; path = OP_SIZE.swift; sourceTree = "<group>"; };
		65DD5F1E27857625002C9CA0 /* OP_SPLIT.swift */ = {isa = PBXFileReference; lastKnownFileType = sourcecode.swift; path = OP_SPLIT.swift; sourceTree = "<group>"; };
		65DD5F2127857667002C9CA0 /* OP_2DROP.swift */ = {isa = PBXFileReference; lastKnownFileType = sourcecode.swift; path = OP_2DROP.swift; sourceTree = "<group>"; };
		65DD5F23278579AB002C9CA0 /* OP_2DUP.swift */ = {isa = PBXFileReference; lastKnownFileType = sourcecode.swift; path = OP_2DUP.swift; sourceTree = "<group>"; };
		65DD5F2527857A05002C9CA0 /* OP_2OVER.swift */ = {isa = PBXFileReference; lastKnownFileType = sourcecode.swift; path = OP_2OVER.swift; sourceTree = "<group>"; };
		65DD5F2727857A24002C9CA0 /* OP_2ROT.swift */ = {isa = PBXFileReference; lastKnownFileType = sourcecode.swift; path = OP_2ROT.swift; sourceTree = "<group>"; };
		65DD5F2927857A3E002C9CA0 /* OP_2SWAP.swift */ = {isa = PBXFileReference; lastKnownFileType = sourcecode.swift; path = OP_2SWAP.swift; sourceTree = "<group>"; };
		65DD5F2B27857A8B002C9CA0 /* OP_3DUP.swift */ = {isa = PBXFileReference; lastKnownFileType = sourcecode.swift; path = OP_3DUP.swift; sourceTree = "<group>"; };
		65DD5F2D27857AA1002C9CA0 /* OP_DEPTH.swift */ = {isa = PBXFileReference; lastKnownFileType = sourcecode.swift; path = OP_DEPTH.swift; sourceTree = "<group>"; };
		65DD5F2F27857AD2002C9CA0 /* OP_DROP.swift */ = {isa = PBXFileReference; lastKnownFileType = sourcecode.swift; path = OP_DROP.swift; sourceTree = "<group>"; };
		65DD5F3127857B19002C9CA0 /* OP_DUP.swift */ = {isa = PBXFileReference; lastKnownFileType = sourcecode.swift; path = OP_DUP.swift; sourceTree = "<group>"; };
		65DD5F3327857B3A002C9CA0 /* OP_FROMALTSTACK.swift */ = {isa = PBXFileReference; lastKnownFileType = sourcecode.swift; path = OP_FROMALTSTACK.swift; sourceTree = "<group>"; };
		65DD5F3527857B60002C9CA0 /* OP_IFDUP.swift */ = {isa = PBXFileReference; lastKnownFileType = sourcecode.swift; path = OP_IFDUP.swift; sourceTree = "<group>"; };
		65DD5F3727857B96002C9CA0 /* OP_NIP.swift */ = {isa = PBXFileReference; lastKnownFileType = sourcecode.swift; path = OP_NIP.swift; sourceTree = "<group>"; };
		65DD5F3927857C18002C9CA0 /* OP_OVER.swift */ = {isa = PBXFileReference; lastKnownFileType = sourcecode.swift; path = OP_OVER.swift; sourceTree = "<group>"; };
		65DD5F3B27857C32002C9CA0 /* OP_PICK.swift */ = {isa = PBXFileReference; lastKnownFileType = sourcecode.swift; path = OP_PICK.swift; sourceTree = "<group>"; };
		65DD5F3D27857C4E002C9CA0 /* OP_ROLL.swift */ = {isa = PBXFileReference; lastKnownFileType = sourcecode.swift; path = OP_ROLL.swift; sourceTree = "<group>"; };
		65DD5F3F27857C68002C9CA0 /* OP_ROT.swift */ = {isa = PBXFileReference; lastKnownFileType = sourcecode.swift; path = OP_ROT.swift; sourceTree = "<group>"; };
		65DD5F4127857C7F002C9CA0 /* OP_SWAP.swift */ = {isa = PBXFileReference; lastKnownFileType = sourcecode.swift; path = OP_SWAP.swift; sourceTree = "<group>"; };
		65DD5F4327857C96002C9CA0 /* OP_TOTALSTACK.swift */ = {isa = PBXFileReference; lastKnownFileType = sourcecode.swift; path = OP_TOTALSTACK.swift; sourceTree = "<group>"; };
		65DD5F4527857CAC002C9CA0 /* OP_TUCK.swift */ = {isa = PBXFileReference; lastKnownFileType = sourcecode.swift; path = OP_TUCK.swift; sourceTree = "<group>"; };
		65DD5F4927858CFD002C9CA0 /* ScriptChunk.swift */ = {isa = PBXFileReference; lastKnownFileType = sourcecode.swift; path = ScriptChunk.swift; sourceTree = "<group>"; };
		65DD5F4D2785A058002C9CA0 /* Script+Static.swift */ = {isa = PBXFileReference; lastKnownFileType = sourcecode.swift; path = "Script+Static.swift"; sourceTree = "<group>"; };
		65DD5F4F2785A3DB002C9CA0 /* OPCode+Static.swift */ = {isa = PBXFileReference; lastKnownFileType = sourcecode.swift; path = "OPCode+Static.swift"; sourceTree = "<group>"; };
		65DD5F5127872875002C9CA0 /* Point+Static.swift */ = {isa = PBXFileReference; lastKnownFileType = sourcecode.swift; path = "Point+Static.swift"; sourceTree = "<group>"; };
		65DD5F5327873693002C9CA0 /* SigHashType.swift */ = {isa = PBXFileReference; lastKnownFileType = sourcecode.swift; path = SigHashType.swift; sourceTree = "<group>"; };
		65DD5F5527873813002C9CA0 /* SignatureHash.swift */ = {isa = PBXFileReference; lastKnownFileType = sourcecode.swift; path = SignatureHash.swift; sourceTree = "<group>"; };
/* End PBXFileReference section */

/* Begin PBXFrameworksBuildPhase section */
		65077241274F7E23006500C1 /* Frameworks */ = {
			isa = PBXFrameworksBuildPhase;
			buildActionMask = 2147483647;
			files = (
				657BD52F2772D70800B8E0D5 /* BigInt in Frameworks */,
			);
			runOnlyForDeploymentPostprocessing = 0;
		};
		6507724A274F7E23006500C1 /* Frameworks */ = {
			isa = PBXFrameworksBuildPhase;
			buildActionMask = 2147483647;
			files = (
				6507724E274F7E23006500C1 /* BitCore.framework in Frameworks */,
			);
			runOnlyForDeploymentPostprocessing = 0;
		};
/* End PBXFrameworksBuildPhase section */

/* Begin PBXGroup section */
		6507723A274F7E23006500C1 = {
			isa = PBXGroup;
			children = (
				65077246274F7E23006500C1 /* BitCore */,
				65077251274F7E23006500C1 /* BitCoreTests */,
				65077245274F7E23006500C1 /* Products */,
			);
			sourceTree = "<group>";
		};
		65077245274F7E23006500C1 /* Products */ = {
			isa = PBXGroup;
			children = (
				65077244274F7E23006500C1 /* BitCore.framework */,
				6507724D274F7E23006500C1 /* BitCoreTests.xctest */,
			);
			name = Products;
			sourceTree = "<group>";
		};
		65077246274F7E23006500C1 /* BitCore */ = {
			isa = PBXGroup;
			children = (
				65A58C282787F1D600F73E40 /* Signing */,
				65DD5E7B277E0602002C9CA0 /* Block */,
				65DD5DD2277C689E002C9CA0 /* Script */,
				65DD5DCB277C6373002C9CA0 /* Tx */,
				657BD5712779AEDB00B8E0D5 /* Keys */,
				657BD55D2775ABEA00B8E0D5 /* EllipticCurve */,
				657BD54927741A4B00B8E0D5 /* Crypto */,
				657BD53C27730BAD00B8E0D5 /* Extension */,
				657BD5352772FC3300B8E0D5 /* Numbers */,
				657BD52A2772CE4700B8E0D5 /* Encoding */,
				65077247274F7E23006500C1 /* BitCore.h */,
				65077248274F7E23006500C1 /* Info.plist */,
				657BD5652775C50700B8E0D5 /* Math.swift */,
				65077260274F7F36006500C1 /* BitCoreError.swift */,
				657BD54C27741F7200B8E0D5 /* Macros.swift */,
				657BD5742779B5F700B8E0D5 /* Network.swift */,
				657BD5762779B6AB00B8E0D5 /* CoinType.swift */,
				65DD5DD8277C7018002C9CA0 /* VarInt.swift */,
				65DD5E79277DC909002C9CA0 /* Helper.swift */,
				65DD5E7E277E0881002C9CA0 /* ByteStream.swift */,
				65DD5F5327873693002C9CA0 /* SigHashType.swift */,
				65DD5F5527873813002C9CA0 /* SignatureHash.swift */,
			);
			path = BitCore;
			sourceTree = "<group>";
		};
		65077251274F7E23006500C1 /* BitCoreTests */ = {
			isa = PBXGroup;
			children = (
				65077252274F7E23006500C1 /* BitCoreTests.swift */,
				65077254274F7E23006500C1 /* Info.plist */,
				657BD5452773238700B8E0D5 /* Base58Tests.swift */,
				657BD5552775658F00B8E0D5 /* RIPEMD160Tests.swift */,
				657BD557277566FB00B8E0D5 /* SHA2Tests.swift */,
				657BD55927759D1300B8E0D5 /* Base58CheckTests.swift */,
				657BD5632775C04900B8E0D5 /* MathTests.swift */,
				657BD56F27799EE600B8E0D5 /* DERTests.swift */,
				657BD5782779D2DD00B8E0D5 /* PrivateKeyTests.swift */,
				65DD5DC9277C5FAE002C9CA0 /* PublicKeyTests.swift */,
				65DD5E77277DAB1B002C9CA0 /* MerkleTreeTests.swift */,
				65DD5E80277EA86D002C9CA0 /* MerkleBlockTests.swift */,
				65DD5E842783FC3A002C9CA0 /* BlockTests.swift */,
				65A58C2B278967DD00F73E40 /* OPCodeTests.swift */,
				65A58C2D278B1C4B00F73E40 /* ScriptTests.swift */,
				65A58C2F278C0CDE00F73E40 /* TransactionTests.swift */,
				65A58C35278D67F900F73E40 /* ScriptMachineTests.swift */,
			);
			path = BitCoreTests;
			sourceTree = "<group>";
		};
		657BD52A2772CE4700B8E0D5 /* Encoding */ = {
			isa = PBXGroup;
			children = (
				657BD52B2772CE5B00B8E0D5 /* Base58.swift */,
				657BD5472773373800B8E0D5 /* Base58Check.swift */,
				657BD55B2775AA1F00B8E0D5 /* Bech32.swift */,
				657BD56D2779968000B8E0D5 /* DER.swift */,
			);
			path = Encoding;
			sourceTree = "<group>";
		};
		657BD5352772FC3300B8E0D5 /* Numbers */ = {
			isa = PBXGroup;
			children = (
				657BD5362772FC4F00B8E0D5 /* SecureRandom.swift */,
				657BD5382772FD1600B8E0D5 /* Status.swift */,
				657BD53A2772FE2000B8E0D5 /* BigNumber.swift */,
			);
			path = Numbers;
			sourceTree = "<group>";
		};
		657BD53C27730BAD00B8E0D5 /* Extension */ = {
			isa = PBXGroup;
			children = (
				657BD53D27730C3D00B8E0D5 /* Array.swift */,
				657BD53F27730D8000B8E0D5 /* Data.swift */,
				657BD541277320DE00B8E0D5 /* String.swift */,
				657BD55327748E6B00B8E0D5 /* RangeReplaceableCollection.swift */,
			);
			path = Extension;
			sourceTree = "<group>";
		};
		657BD54927741A4B00B8E0D5 /* Crypto */ = {
			isa = PBXGroup;
			children = (
				657BD54A27741DAD00B8E0D5 /* RIPEMD160.swift */,
				657BD54F27742D8700B8E0D5 /* Crypto.swift */,
				657BD5512774502E00B8E0D5 /* Serialization.swift */,
			);
			path = Crypto;
			sourceTree = "<group>";
		};
		657BD55D2775ABEA00B8E0D5 /* EllipticCurve */ = {
			isa = PBXGroup;
			children = (
				657BD57A277AAAFF00B8E0D5 /* Message.swift */,
				657BD55E2775B12400B8E0D5 /* EllipticCurve.swift */,
				657BD5672775D30000B8E0D5 /* EllipticCurvePoint.swift */,
				657BD5692775D6FE00B8E0D5 /* Point.swift */,
				657BD5602775B90C00B8E0D5 /* Secp256k1.swift */,
				657BD56B2779911300B8E0D5 /* Signature.swift */,
				65DD5F5127872875002C9CA0 /* Point+Static.swift */,
			);
			path = EllipticCurve;
			sourceTree = "<group>";
		};
		657BD5712779AEDB00B8E0D5 /* Keys */ = {
			isa = PBXGroup;
			children = (
				657BD5722779AF4000B8E0D5 /* PrivateKey.swift */,
				657BD57C277B20BC00B8E0D5 /* PublicKey.swift */,
				65DD5DC7277C5F31002C9CA0 /* PublicKey+Address.swift */,
				657BD616277C450A00B8E0D5 /* BitcoinAddress.swift */,
			);
			path = Keys;
			sourceTree = "<group>";
		};
		65A58C282787F1D600F73E40 /* Signing */ = {
			isa = PBXGroup;
			children = (
				65A58C292787F1E400F73E40 /* ECDSA.swift */,
			);
			path = Signing;
			sourceTree = "<group>";
		};
		65DD5DCB277C6373002C9CA0 /* Tx */ = {
			isa = PBXGroup;
			children = (
				65DD5DCC277C639A002C9CA0 /* Transaction.swift */,
				65DD5DCE277C63A8002C9CA0 /* TransactionInput.swift */,
				65DD5DD0277C63DD002C9CA0 /* TransactionOutput.swift */,
			);
			path = Tx;
			sourceTree = "<group>";
		};
		65DD5DD2277C689E002C9CA0 /* Script */ = {
			isa = PBXGroup;
			children = (
				65DD5DD5277C6CDD002C9CA0 /* OpCode */,
				65DD5DD3277C68A9002C9CA0 /* Script.swift */,
				65DD5F4D2785A058002C9CA0 /* Script+Static.swift */,
				65DD5E86278458A0002C9CA0 /* ScriptExecutionContext.swift */,
				65DD5F4927858CFD002C9CA0 /* ScriptChunk.swift */,
				65A58C33278D5A4900F73E40 /* ScriptMachine.swift */,
			);
			path = Script;
			sourceTree = "<group>";
		};
		65DD5DD5277C6CDD002C9CA0 /* OpCode */ = {
			isa = PBXGroup;
			children = (
				65DD5E8827845B0A002C9CA0 /* CODE */,
				65DD5DD6277C6D44002C9CA0 /* OPCode.swift */,
				65DD5E66277D5CDE002C9CA0 /* OpCodeType.swift */,
				65DD5F4F2785A3DB002C9CA0 /* OPCode+Static.swift */,
			);
			path = OpCode;
			sourceTree = "<group>";
		};
		65DD5E74277DA08E002C9CA0 /* MerkleTree */ = {
			isa = PBXGroup;
			children = (
				65DD5E72277D854E002C9CA0 /* MerkleTree.swift */,
				65DD5E75277DA108002C9CA0 /* MerkleTree+Operation.swift */,
			);
			path = MerkleTree;
			sourceTree = "<group>";
		};
		65DD5E7B277E0602002C9CA0 /* Block */ = {
			isa = PBXGroup;
			children = (
				65DD5E74277DA08E002C9CA0 /* MerkleTree */,
				65DD5E7C277E061A002C9CA0 /* MerkleBlock.swift */,
				65DD5E822783EA54002C9CA0 /* Block.swift */,
			);
			path = Block;
			sourceTree = "<group>";
		};
		65DD5E8827845B0A002C9CA0 /* CODE */ = {
			isa = PBXGroup;
			children = (
				65DD5F2027857656002C9CA0 /* Stack */,
				65DD5F1527857577002C9CA0 /* Splice */,
				65DD5F1227857514002C9CA0 /* Reserved words */,
				65DD5F072785731D002C9CA0 /* Constants */,
				65DD5F0027857287002C9CA0 /* Pseudo words */,
				65DD5EFB2785712D002C9CA0 /* Locktime */,
				65DD5EE627856C11002C9CA0 /* Flow Control */,
				65DD5ED127854E69002C9CA0 /* Crypto */,
				65DD5EC027854C97002C9CA0 /* Bitwise logic */,
				65DD5E8927845C77002C9CA0 /* Arithmetic */,
			);
			path = CODE;
			sourceTree = "<group>";
		};
		65DD5E8927845C77002C9CA0 /* Arithmetic */ = {
			isa = PBXGroup;
			children = (
				65DD5E8A27845CC9002C9CA0 /* OP_0NOTEQUAL.swift */,
				65DD5E8C27853CB8002C9CA0 /* OP_1ADD.swift */,
				65DD5E8E27853D0D002C9CA0 /* OP_1SUB.swift */,
				65DD5E9027853D61002C9CA0 /* OP_2DIV.swift */,
				65DD5E9227853F31002C9CA0 /* OP_2MUL.swift */,
				65DD5E942785443D002C9CA0 /* OP_ABS.swift */,
				65DD5E9627854469002C9CA0 /* OP_ADD.swift */,
				65DD5E9827854686002C9CA0 /* OP_BOOLAND.swift */,
				65DD5E9A2785478B002C9CA0 /* OP_BOOLOR.swift */,
				65DD5E9C278547D8002C9CA0 /* OP_DIV.swift */,
				65DD5E9E278548A9002C9CA0 /* OP_GREATERTHAN.swift */,
				65DD5EA0278548E6002C9CA0 /* OP_GREATERTHANOREQUAL.swift */,
				65DD5EA227854910002C9CA0 /* OP_LESSTHAN.swift */,
				65DD5EA42785493D002C9CA0 /* OP_LESSTHANOREQUAL.swift */,
				65DD5EA627854991002C9CA0 /* OP_LSHIFT.swift */,
				65DD5EA8278549C4002C9CA0 /* OP_MAX.swift */,
				65DD5EAA27854A1A002C9CA0 /* OP_MIN.swift */,
				65DD5EAC27854A37002C9CA0 /* OP_MOD.swift */,
				65DD5EAE27854A51002C9CA0 /* OP_MUL.swift */,
				65DD5EB027854A83002C9CA0 /* OP_NEGATE.swift */,
				65DD5EB227854AB1002C9CA0 /* OP_NOT.swift */,
				65DD5EB427854AF8002C9CA0 /* OP_NUMEQUAL.swift */,
				65DD5EB627854B2E002C9CA0 /* OP_NUMEQUALVERIFY.swift */,
				65DD5EB827854BA6002C9CA0 /* OP_NUMNOTEQUAL.swift */,
				65DD5EBA27854BC6002C9CA0 /* OP_RSHIFT.swift */,
				65DD5EBC27854C0B002C9CA0 /* OP_SUB.swift */,
				65DD5EBE27854C24002C9CA0 /* OP_WITHIN.swift */,
			);
			path = Arithmetic;
			sourceTree = "<group>";
		};
		65DD5EC027854C97002C9CA0 /* Bitwise logic */ = {
			isa = PBXGroup;
			children = (
				65DD5EC127854CAC002C9CA0 /* OP_AND.swift */,
				65DD5EC327854CC9002C9CA0 /* OP_EQUAL.swift */,
				65DD5EC527854D1A002C9CA0 /* OP_EQUALVERIFY.swift */,
				65DD5EC727854D33002C9CA0 /* OP_INVERT.swift */,
				65DD5EC927854DB3002C9CA0 /* OP_OR.swift */,
				65DD5ECF27854E1C002C9CA0 /* OP_XOR.swift */,
			);
			path = "Bitwise logic";
			sourceTree = "<group>";
		};
		65DD5ED127854E69002C9CA0 /* Crypto */ = {
			isa = PBXGroup;
			children = (
				65DD5ED227854EA3002C9CA0 /* OP_CHECKMULTISIG.swift */,
				65DD5ED427854EC6002C9CA0 /* OP_CHECKMULTISIGVERIFY.swift */,
				65DD5ED627854EF9002C9CA0 /* OP_CHECKSIG.swift */,
				65DD5ED827856B03002C9CA0 /* OP_CHECKSIGVERIFY.swift */,
				65DD5EDA27856B23002C9CA0 /* OP_CODESEPARATOR.swift */,
				65DD5EDC27856B54002C9CA0 /* OP_HASH160.swift */,
				65DD5EDE27856B72002C9CA0 /* OP_HASH256.swift */,
				65DD5EE027856B8B002C9CA0 /* OP_RIPEMD160.swift */,
				65DD5EE227856BA3002C9CA0 /* OP_SHA1.swift */,
				65DD5EE427856BBB002C9CA0 /* OP_SHA256.swift */,
			);
			path = Crypto;
			sourceTree = "<group>";
		};
		65DD5EE627856C11002C9CA0 /* Flow Control */ = {
			isa = PBXGroup;
			children = (
				65DD5EE727856C30002C9CA0 /* OP_ELSE.swift */,
				65DD5EE927856D54002C9CA0 /* OP_ENDIF.swift */,
				65DD5EEB27856D99002C9CA0 /* OP_IF.swift */,
				65DD5EED27856ED7002C9CA0 /* OP_NOP.swift */,
				65DD5EEF27856F41002C9CA0 /* OP_NOTIF.swift */,
				65DD5EF127856F6A002C9CA0 /* OP_RETURN.swift */,
				65DD5EF727857092002C9CA0 /* OP_VERIFY.swift */,
			);
			path = "Flow Control";
			sourceTree = "<group>";
		};
		65DD5EFB2785712D002C9CA0 /* Locktime */ = {
			isa = PBXGroup;
			children = (
				65DD5EFC2785713C002C9CA0 /* OP_CHECKLOCKTIMEVERIFY.swift */,
				65DD5EFE2785722B002C9CA0 /* OP_CHECKSEQUENCEVERIFY.swift */,
			);
			path = Locktime;
			sourceTree = "<group>";
		};
		65DD5F0027857287002C9CA0 /* Pseudo words */ = {
			isa = PBXGroup;
			children = (
				65DD5F01278572B6002C9CA0 /* OP_INVALIDOPCODE.swift */,
				65DD5F03278572E8002C9CA0 /* OP_PUBKEY.swift */,
				65DD5F0527857302002C9CA0 /* OP_PUBKEYHASH.swift */,
			);
			path = "Pseudo words";
			sourceTree = "<group>";
		};
		65DD5F072785731D002C9CA0 /* Constants */ = {
			isa = PBXGroup;
			children = (
				65DD5F0827857333002C9CA0 /* OP_0.swift */,
				65DD5F0A2785741A002C9CA0 /* OP_1NEGATE.swift */,
				65DD5F0C2785744C002C9CA0 /* OP_N.swift */,
				65DD5F0E27857497002C9CA0 /* OP_PUSHDATA.swift */,
			);
			path = Constants;
			sourceTree = "<group>";
		};
		65DD5F1227857514002C9CA0 /* Reserved words */ = {
			isa = PBXGroup;
			children = (
				65DD5ECB27854DDC002C9CA0 /* OP_RESERVED1.swift */,
				65DD5ECD27854E00002C9CA0 /* OP_RESERVED2.swift */,
				65DD5F10278574F1002C9CA0 /* OP_RESERVED.swift */,
				65DD5F132785751F002C9CA0 /* OP_NOPN.swift */,
				65DD5EF327856FF5002C9CA0 /* OP_VER.swift */,
				65DD5EF52785704F002C9CA0 /* OP_VERIF.swift */,
				65DD5EF9278570AB002C9CA0 /* OP_VERNOTIF.swift */,
			);
			path = "Reserved words";
			sourceTree = "<group>";
		};
		65DD5F1527857577002C9CA0 /* Splice */ = {
			isa = PBXGroup;
			children = (
				65DD5F1627857584002C9CA0 /* OP_BIN2NUM.swift */,
				65DD5F18278575AA002C9CA0 /* OP_CAT.swift */,
				65DD5F1A278575EC002C9CA0 /* OP_NUM2BIN.swift */,
				65DD5F1C2785760E002C9CA0 /* OP_SIZE.swift */,
				65DD5F1E27857625002C9CA0 /* OP_SPLIT.swift */,
			);
			path = Splice;
			sourceTree = "<group>";
		};
		65DD5F2027857656002C9CA0 /* Stack */ = {
			isa = PBXGroup;
			children = (
				65DD5F2127857667002C9CA0 /* OP_2DROP.swift */,
				65DD5F23278579AB002C9CA0 /* OP_2DUP.swift */,
				65DD5F2527857A05002C9CA0 /* OP_2OVER.swift */,
				65DD5F2727857A24002C9CA0 /* OP_2ROT.swift */,
				65DD5F2927857A3E002C9CA0 /* OP_2SWAP.swift */,
				65DD5F2B27857A8B002C9CA0 /* OP_3DUP.swift */,
				65DD5F2D27857AA1002C9CA0 /* OP_DEPTH.swift */,
				65DD5F2F27857AD2002C9CA0 /* OP_DROP.swift */,
				65DD5F3127857B19002C9CA0 /* OP_DUP.swift */,
				65DD5F3327857B3A002C9CA0 /* OP_FROMALTSTACK.swift */,
				65DD5F3527857B60002C9CA0 /* OP_IFDUP.swift */,
				65DD5F3727857B96002C9CA0 /* OP_NIP.swift */,
				65DD5F3927857C18002C9CA0 /* OP_OVER.swift */,
				65DD5F3B27857C32002C9CA0 /* OP_PICK.swift */,
				65DD5F3D27857C4E002C9CA0 /* OP_ROLL.swift */,
				65DD5F3F27857C68002C9CA0 /* OP_ROT.swift */,
				65DD5F4127857C7F002C9CA0 /* OP_SWAP.swift */,
				65DD5F4327857C96002C9CA0 /* OP_TOTALSTACK.swift */,
				65DD5F4527857CAC002C9CA0 /* OP_TUCK.swift */,
			);
			path = Stack;
			sourceTree = "<group>";
		};
/* End PBXGroup section */

/* Begin PBXHeadersBuildPhase section */
		6507723F274F7E23006500C1 /* Headers */ = {
			isa = PBXHeadersBuildPhase;
			buildActionMask = 2147483647;
			files = (
				65077255274F7E23006500C1 /* BitCore.h in Headers */,
			);
			runOnlyForDeploymentPostprocessing = 0;
		};
/* End PBXHeadersBuildPhase section */

/* Begin PBXNativeTarget section */
		65077243274F7E23006500C1 /* BitCore */ = {
			isa = PBXNativeTarget;
			buildConfigurationList = 65077258274F7E23006500C1 /* Build configuration list for PBXNativeTarget "BitCore" */;
			buildPhases = (
				6507723F274F7E23006500C1 /* Headers */,
				65077240274F7E23006500C1 /* Sources */,
				65077241274F7E23006500C1 /* Frameworks */,
				65077242274F7E23006500C1 /* Resources */,
			);
			buildRules = (
			);
			dependencies = (
			);
			name = BitCore;
			packageProductDependencies = (
				657BD52E2772D70800B8E0D5 /* BigInt */,
			);
			productName = BitCore;
			productReference = 65077244274F7E23006500C1 /* BitCore.framework */;
			productType = "com.apple.product-type.framework";
		};
		6507724C274F7E23006500C1 /* BitCoreTests */ = {
			isa = PBXNativeTarget;
			buildConfigurationList = 6507725B274F7E23006500C1 /* Build configuration list for PBXNativeTarget "BitCoreTests" */;
			buildPhases = (
				65077249274F7E23006500C1 /* Sources */,
				6507724A274F7E23006500C1 /* Frameworks */,
				6507724B274F7E23006500C1 /* Resources */,
			);
			buildRules = (
			);
			dependencies = (
				65077250274F7E23006500C1 /* PBXTargetDependency */,
			);
			name = BitCoreTests;
			productName = BitCoreTests;
			productReference = 6507724D274F7E23006500C1 /* BitCoreTests.xctest */;
			productType = "com.apple.product-type.bundle.unit-test";
		};
/* End PBXNativeTarget section */

/* Begin PBXProject section */
		6507723B274F7E23006500C1 /* Project object */ = {
			isa = PBXProject;
			attributes = {
				LastSwiftUpdateCheck = 1250;
				LastUpgradeCheck = 1250;
				TargetAttributes = {
					65077243274F7E23006500C1 = {
						CreatedOnToolsVersion = 12.5.1;
						LastSwiftMigration = 1250;
					};
					6507724C274F7E23006500C1 = {
						CreatedOnToolsVersion = 12.5.1;
					};
				};
			};
			buildConfigurationList = 6507723E274F7E23006500C1 /* Build configuration list for PBXProject "BitCore" */;
			compatibilityVersion = "Xcode 9.3";
			developmentRegion = en;
			hasScannedForEncodings = 0;
			knownRegions = (
				en,
				Base,
			);
			mainGroup = 6507723A274F7E23006500C1;
			packageReferences = (
				657BD52D2772D70800B8E0D5 /* XCRemoteSwiftPackageReference "BigInt" */,
			);
			productRefGroup = 65077245274F7E23006500C1 /* Products */;
			projectDirPath = "";
			projectRoot = "";
			targets = (
				65077243274F7E23006500C1 /* BitCore */,
				6507724C274F7E23006500C1 /* BitCoreTests */,
			);
		};
/* End PBXProject section */

/* Begin PBXResourcesBuildPhase section */
		65077242274F7E23006500C1 /* Resources */ = {
			isa = PBXResourcesBuildPhase;
			buildActionMask = 2147483647;
			files = (
			);
			runOnlyForDeploymentPostprocessing = 0;
		};
		6507724B274F7E23006500C1 /* Resources */ = {
			isa = PBXResourcesBuildPhase;
			buildActionMask = 2147483647;
			files = (
			);
			runOnlyForDeploymentPostprocessing = 0;
		};
/* End PBXResourcesBuildPhase section */

/* Begin PBXSourcesBuildPhase section */
		65077240274F7E23006500C1 /* Sources */ = {
			isa = PBXSourcesBuildPhase;
			buildActionMask = 2147483647;
			files = (
				65DD5ED327854EA3002C9CA0 /* OP_CHECKMULTISIG.swift in Sources */,
				65DD5ED027854E1C002C9CA0 /* OP_XOR.swift in Sources */,
				65DD5DCF277C63A8002C9CA0 /* TransactionInput.swift in Sources */,
				65DD5E952785443D002C9CA0 /* OP_ABS.swift in Sources */,
				65DD5F1B278575EC002C9CA0 /* OP_NUM2BIN.swift in Sources */,
				65DD5ED727854EF9002C9CA0 /* OP_CHECKSIG.swift in Sources */,
				657BD54D27741F7200B8E0D5 /* Macros.swift in Sources */,
				65DD5F0627857302002C9CA0 /* OP_PUBKEYHASH.swift in Sources */,
				657BD5522774502E00B8E0D5 /* Serialization.swift in Sources */,
				65DD5EDB27856B23002C9CA0 /* OP_CODESEPARATOR.swift in Sources */,
				65DD5F4627857CAC002C9CA0 /* OP_TUCK.swift in Sources */,
				65DD5EA327854910002C9CA0 /* OP_LESSTHAN.swift in Sources */,
				65DD5EAF27854A51002C9CA0 /* OP_MUL.swift in Sources */,
				65DD5DD7277C6D44002C9CA0 /* OPCode.swift in Sources */,
				65DD5F3C27857C32002C9CA0 /* OP_PICK.swift in Sources */,
				65DD5E8D27853CB8002C9CA0 /* OP_1ADD.swift in Sources */,
				657BD5752779B5F700B8E0D5 /* Network.swift in Sources */,
				65DD5F0B2785741A002C9CA0 /* OP_1NEGATE.swift in Sources */,
				65DD5E9327853F31002C9CA0 /* OP_2MUL.swift in Sources */,
				65DD5E76277DA108002C9CA0 /* MerkleTree+Operation.swift in Sources */,
				65DD5F2C27857A8B002C9CA0 /* OP_3DUP.swift in Sources */,
				65DD5DD4277C68A9002C9CA0 /* Script.swift in Sources */,
				657BD53B2772FE2000B8E0D5 /* BigNumber.swift in Sources */,
				65DD5EAD27854A37002C9CA0 /* OP_MOD.swift in Sources */,
				65DD5EA9278549C4002C9CA0 /* OP_MAX.swift in Sources */,
				657BD56E2779968000B8E0D5 /* DER.swift in Sources */,
				65DD5EB127854A83002C9CA0 /* OP_NEGATE.swift in Sources */,
				65DD5EB927854BA6002C9CA0 /* OP_NUMNOTEQUAL.swift in Sources */,
				657BD5482773373800B8E0D5 /* Base58Check.swift in Sources */,
				657BD53E27730C3D00B8E0D5 /* Array.swift in Sources */,
				65DD5F1727857584002C9CA0 /* OP_BIN2NUM.swift in Sources */,
				657BD57D277B20BC00B8E0D5 /* PublicKey.swift in Sources */,
				65DD5E67277D5CDE002C9CA0 /* OpCodeType.swift in Sources */,
				65DD5F2227857667002C9CA0 /* OP_2DROP.swift in Sources */,
				65DD5F3827857B96002C9CA0 /* OP_NIP.swift in Sources */,
				65DD5F3E27857C4E002C9CA0 /* OP_ROLL.swift in Sources */,
				65DD5EDF27856B72002C9CA0 /* OP_HASH256.swift in Sources */,
				65DD5F3627857B60002C9CA0 /* OP_IFDUP.swift in Sources */,
				657BD542277320DE00B8E0D5 /* String.swift in Sources */,
				65DD5F11278574F1002C9CA0 /* OP_RESERVED.swift in Sources */,
				65DD5EB327854AB1002C9CA0 /* OP_NOT.swift in Sources */,
				657BD5612775B90C00B8E0D5 /* Secp256k1.swift in Sources */,
				65A58C34278D5A4900F73E40 /* ScriptMachine.swift in Sources */,
				65DD5E832783EA54002C9CA0 /* Block.swift in Sources */,
				65DD5ECA27854DB3002C9CA0 /* OP_OR.swift in Sources */,
				65DD5E7D277E061B002C9CA0 /* MerkleBlock.swift in Sources */,
				65DD5EE827856C30002C9CA0 /* OP_ELSE.swift in Sources */,
				65DD5F4E2785A058002C9CA0 /* Script+Static.swift in Sources */,
				65DD5F5427873693002C9CA0 /* SigHashType.swift in Sources */,
				65DD5EC627854D1A002C9CA0 /* OP_EQUALVERIFY.swift in Sources */,
				65DD5F4027857C68002C9CA0 /* OP_ROT.swift in Sources */,
				657BD57B277AAAFF00B8E0D5 /* Message.swift in Sources */,
				65DD5F02278572B6002C9CA0 /* OP_INVALIDOPCODE.swift in Sources */,
				65DD5F2827857A24002C9CA0 /* OP_2ROT.swift in Sources */,
				657BD5392772FD1600B8E0D5 /* Status.swift in Sources */,
				65DD5DD1277C63DD002C9CA0 /* TransactionOutput.swift in Sources */,
				65DD5F502785A3DB002C9CA0 /* OPCode+Static.swift in Sources */,
				65DD5EB727854B2E002C9CA0 /* OP_NUMEQUALVERIFY.swift in Sources */,
				65DD5EC427854CC9002C9CA0 /* OP_EQUAL.swift in Sources */,
				65DD5F4427857C96002C9CA0 /* OP_TOTALSTACK.swift in Sources */,
				65DD5EA727854991002C9CA0 /* OP_LSHIFT.swift in Sources */,
				657BD5372772FC4F00B8E0D5 /* SecureRandom.swift in Sources */,
				65DD5F3227857B19002C9CA0 /* OP_DUP.swift in Sources */,
				65DD5F1D2785760E002C9CA0 /* OP_SIZE.swift in Sources */,
				65DD5F5227872875002C9CA0 /* Point+Static.swift in Sources */,
				65DD5ED527854EC6002C9CA0 /* OP_CHECKMULTISIGVERIFY.swift in Sources */,
				65DD5EFA278570AB002C9CA0 /* OP_VERNOTIF.swift in Sources */,
				65DD5EFD2785713C002C9CA0 /* OP_CHECKLOCKTIMEVERIFY.swift in Sources */,
				65DD5E9D278547D8002C9CA0 /* OP_DIV.swift in Sources */,
				65DD5F3427857B3A002C9CA0 /* OP_FROMALTSTACK.swift in Sources */,
				657BD5732779AF4000B8E0D5 /* PrivateKey.swift in Sources */,
				65DD5DCD277C639A002C9CA0 /* Transaction.swift in Sources */,
				65DD5E9727854469002C9CA0 /* OP_ADD.swift in Sources */,
				65DD5ECC27854DDC002C9CA0 /* OP_RESERVED1.swift in Sources */,
				657BD56C2779911300B8E0D5 /* Signature.swift in Sources */,
				65DD5E8B27845CC9002C9CA0 /* OP_0NOTEQUAL.swift in Sources */,
				65DD5EE527856BBB002C9CA0 /* OP_SHA256.swift in Sources */,
				65DD5F2E27857AA1002C9CA0 /* OP_DEPTH.swift in Sources */,
				657BD55427748E6B00B8E0D5 /* RangeReplaceableCollection.swift in Sources */,
				65DD5EF227856F6A002C9CA0 /* OP_RETURN.swift in Sources */,
				65DD5EC827854D33002C9CA0 /* OP_INVERT.swift in Sources */,
				65DD5EF427856FF5002C9CA0 /* OP_VER.swift in Sources */,
				65DD5E7F277E0881002C9CA0 /* ByteStream.swift in Sources */,
				65DD5E87278458A0002C9CA0 /* ScriptExecutionContext.swift in Sources */,
				65DD5E8F27853D0D002C9CA0 /* OP_1SUB.swift in Sources */,
				65DD5E7A277DC909002C9CA0 /* Helper.swift in Sources */,
				657BD55F2775B12400B8E0D5 /* EllipticCurve.swift in Sources */,
				65A58C2A2787F1E400F73E40 /* ECDSA.swift in Sources */,
				65DD5EB527854AF8002C9CA0 /* OP_NUMEQUAL.swift in Sources */,
				65DD5F142785751F002C9CA0 /* OP_NOPN.swift in Sources */,
				65DD5F4A27858CFD002C9CA0 /* ScriptChunk.swift in Sources */,
				65DD5F1F27857625002C9CA0 /* OP_SPLIT.swift in Sources */,
				65DD5E9927854686002C9CA0 /* OP_BOOLAND.swift in Sources */,
				65DD5F19278575AA002C9CA0 /* OP_CAT.swift in Sources */,
				657BD617277C450A00B8E0D5 /* BitcoinAddress.swift in Sources */,
				65DD5F0927857333002C9CA0 /* OP_0.swift in Sources */,
				657BD52C2772CE5B00B8E0D5 /* Base58.swift in Sources */,
				657BD55027742D8700B8E0D5 /* Crypto.swift in Sources */,
				65DD5F0D2785744C002C9CA0 /* OP_N.swift in Sources */,
				65DD5F2627857A05002C9CA0 /* OP_2OVER.swift in Sources */,
				65DD5EF827857092002C9CA0 /* OP_VERIFY.swift in Sources */,
				65DD5F3A27857C18002C9CA0 /* OP_OVER.swift in Sources */,
				65DD5F24278579AB002C9CA0 /* OP_2DUP.swift in Sources */,
				65DD5EEC27856D99002C9CA0 /* OP_IF.swift in Sources */,
				65DD5EFF2785722B002C9CA0 /* OP_CHECKSEQUENCEVERIFY.swift in Sources */,
				65DD5F0F27857497002C9CA0 /* OP_PUSHDATA.swift in Sources */,
				657BD5662775C50700B8E0D5 /* Math.swift in Sources */,
				65DD5F04278572E8002C9CA0 /* OP_PUBKEY.swift in Sources */,
				65DD5EF62785704F002C9CA0 /* OP_VERIF.swift in Sources */,
				65DD5F5627873813002C9CA0 /* SignatureHash.swift in Sources */,
				65DD5F4227857C7F002C9CA0 /* OP_SWAP.swift in Sources */,
				65DD5EBD27854C0B002C9CA0 /* OP_SUB.swift in Sources */,
				65077261274F7F36006500C1 /* BitCoreError.swift in Sources */,
				65DD5ED927856B03002C9CA0 /* OP_CHECKSIGVERIFY.swift in Sources */,
				657BD54027730D8000B8E0D5 /* Data.swift in Sources */,
				65DD5EE327856BA3002C9CA0 /* OP_SHA1.swift in Sources */,
				65DD5F2A27857A3E002C9CA0 /* OP_2SWAP.swift in Sources */,
				65DD5EEE27856ED7002C9CA0 /* OP_NOP.swift in Sources */,
				657BD5772779B6AB00B8E0D5 /* CoinType.swift in Sources */,
				65DD5DD9277C7018002C9CA0 /* VarInt.swift in Sources */,
				65DD5EEA27856D54002C9CA0 /* OP_ENDIF.swift in Sources */,
				65DD5E73277D854E002C9CA0 /* MerkleTree.swift in Sources */,
				65DD5EE127856B8B002C9CA0 /* OP_RIPEMD160.swift in Sources */,
				657BD56A2775D6FE00B8E0D5 /* Point.swift in Sources */,
				65DD5E9127853D61002C9CA0 /* OP_2DIV.swift in Sources */,
				657BD55C2775AA1F00B8E0D5 /* Bech32.swift in Sources */,
				65DD5EF027856F41002C9CA0 /* OP_NOTIF.swift in Sources */,
				65DD5EA1278548E6002C9CA0 /* OP_GREATERTHANOREQUAL.swift in Sources */,
				65DD5DC8277C5F31002C9CA0 /* PublicKey+Address.swift in Sources */,
				65DD5ECE27854E00002C9CA0 /* OP_RESERVED2.swift in Sources */,
				65DD5E9B2785478B002C9CA0 /* OP_BOOLOR.swift in Sources */,
				65DD5EBF27854C24002C9CA0 /* OP_WITHIN.swift in Sources */,
				657BD54B27741DAD00B8E0D5 /* RIPEMD160.swift in Sources */,
				65DD5EA52785493D002C9CA0 /* OP_LESSTHANOREQUAL.swift in Sources */,
				65DD5EBB27854BC6002C9CA0 /* OP_RSHIFT.swift in Sources */,
				65DD5EC227854CAC002C9CA0 /* OP_AND.swift in Sources */,
				65DD5F3027857AD2002C9CA0 /* OP_DROP.swift in Sources */,
				65DD5EDD27856B54002C9CA0 /* OP_HASH160.swift in Sources */,
				65DD5EAB27854A1A002C9CA0 /* OP_MIN.swift in Sources */,
				65DD5E9F278548A9002C9CA0 /* OP_GREATERTHAN.swift in Sources */,
				657BD5682775D30000B8E0D5 /* EllipticCurvePoint.swift in Sources */,
			);
			runOnlyForDeploymentPostprocessing = 0;
		};
		65077249274F7E23006500C1 /* Sources */ = {
			isa = PBXSourcesBuildPhase;
			buildActionMask = 2147483647;
			files = (
				65A58C36278D67F900F73E40 /* ScriptMachineTests.swift in Sources */,
				65A58C2E278B1C4B00F73E40 /* ScriptTests.swift in Sources */,
				65DD5DCA277C5FAE002C9CA0 /* PublicKeyTests.swift in Sources */,
				65DD5E852783FC3A002C9CA0 /* BlockTests.swift in Sources */,
				65077253274F7E23006500C1 /* BitCoreTests.swift in Sources */,
				65A58C30278C0CDE00F73E40 /* TransactionTests.swift in Sources */,
				657BD5462773238700B8E0D5 /* Base58Tests.swift in Sources */,
				65DD5E78277DAB1B002C9CA0 /* MerkleTreeTests.swift in Sources */,
				657BD5562775658F00B8E0D5 /* RIPEMD160Tests.swift in Sources */,
				65A58C2C278967DD00F73E40 /* OPCodeTests.swift in Sources */,
				657BD5642775C04900B8E0D5 /* MathTests.swift in Sources */,
				657BD57027799EE600B8E0D5 /* DERTests.swift in Sources */,
				657BD558277566FB00B8E0D5 /* SHA2Tests.swift in Sources */,
				65DD5E81277EA86D002C9CA0 /* MerkleBlockTests.swift in Sources */,
				657BD55A27759D1300B8E0D5 /* Base58CheckTests.swift in Sources */,
				657BD5792779D2DD00B8E0D5 /* PrivateKeyTests.swift in Sources */,
			);
			runOnlyForDeploymentPostprocessing = 0;
		};
/* End PBXSourcesBuildPhase section */

/* Begin PBXTargetDependency section */
		65077250274F7E23006500C1 /* PBXTargetDependency */ = {
			isa = PBXTargetDependency;
			target = 65077243274F7E23006500C1 /* BitCore */;
			targetProxy = 6507724F274F7E23006500C1 /* PBXContainerItemProxy */;
		};
/* End PBXTargetDependency section */

/* Begin XCBuildConfiguration section */
		65077256274F7E23006500C1 /* Debug */ = {
			isa = XCBuildConfiguration;
			buildSettings = {
				ALWAYS_SEARCH_USER_PATHS = NO;
				CLANG_ANALYZER_NONNULL = YES;
				CLANG_ANALYZER_NUMBER_OBJECT_CONVERSION = YES_AGGRESSIVE;
				CLANG_CXX_LANGUAGE_STANDARD = "gnu++14";
				CLANG_CXX_LIBRARY = "libc++";
				CLANG_ENABLE_MODULES = YES;
				CLANG_ENABLE_OBJC_ARC = YES;
				CLANG_ENABLE_OBJC_WEAK = YES;
				CLANG_WARN_BLOCK_CAPTURE_AUTORELEASING = YES;
				CLANG_WARN_BOOL_CONVERSION = YES;
				CLANG_WARN_COMMA = YES;
				CLANG_WARN_CONSTANT_CONVERSION = YES;
				CLANG_WARN_DEPRECATED_OBJC_IMPLEMENTATIONS = YES;
				CLANG_WARN_DIRECT_OBJC_ISA_USAGE = YES_ERROR;
				CLANG_WARN_DOCUMENTATION_COMMENTS = YES;
				CLANG_WARN_EMPTY_BODY = YES;
				CLANG_WARN_ENUM_CONVERSION = YES;
				CLANG_WARN_INFINITE_RECURSION = YES;
				CLANG_WARN_INT_CONVERSION = YES;
				CLANG_WARN_NON_LITERAL_NULL_CONVERSION = YES;
				CLANG_WARN_OBJC_IMPLICIT_RETAIN_SELF = YES;
				CLANG_WARN_OBJC_LITERAL_CONVERSION = YES;
				CLANG_WARN_OBJC_ROOT_CLASS = YES_ERROR;
				CLANG_WARN_QUOTED_INCLUDE_IN_FRAMEWORK_HEADER = YES;
				CLANG_WARN_RANGE_LOOP_ANALYSIS = YES;
				CLANG_WARN_STRICT_PROTOTYPES = YES;
				CLANG_WARN_SUSPICIOUS_MOVE = YES;
				CLANG_WARN_UNGUARDED_AVAILABILITY = YES_AGGRESSIVE;
				CLANG_WARN_UNREACHABLE_CODE = YES;
				CLANG_WARN__DUPLICATE_METHOD_MATCH = YES;
				COPY_PHASE_STRIP = NO;
				CURRENT_PROJECT_VERSION = 1;
				DEBUG_INFORMATION_FORMAT = dwarf;
				ENABLE_STRICT_OBJC_MSGSEND = YES;
				ENABLE_TESTABILITY = YES;
				GCC_C_LANGUAGE_STANDARD = gnu11;
				GCC_DYNAMIC_NO_PIC = NO;
				GCC_NO_COMMON_BLOCKS = YES;
				GCC_OPTIMIZATION_LEVEL = 0;
				GCC_PREPROCESSOR_DEFINITIONS = (
					"DEBUG=1",
					"$(inherited)",
				);
				GCC_WARN_64_TO_32_BIT_CONVERSION = YES;
				GCC_WARN_ABOUT_RETURN_TYPE = YES_ERROR;
				GCC_WARN_UNDECLARED_SELECTOR = YES;
				GCC_WARN_UNINITIALIZED_AUTOS = YES_AGGRESSIVE;
				GCC_WARN_UNUSED_FUNCTION = YES;
				GCC_WARN_UNUSED_VARIABLE = YES;
				IPHONEOS_DEPLOYMENT_TARGET = 14.5;
				MTL_ENABLE_DEBUG_INFO = INCLUDE_SOURCE;
				MTL_FAST_MATH = YES;
				ONLY_ACTIVE_ARCH = YES;
				SDKROOT = iphoneos;
				SWIFT_ACTIVE_COMPILATION_CONDITIONS = DEBUG;
				SWIFT_OPTIMIZATION_LEVEL = "-Onone";
				VERSIONING_SYSTEM = "apple-generic";
				VERSION_INFO_PREFIX = "";
			};
			name = Debug;
		};
		65077257274F7E23006500C1 /* Release */ = {
			isa = XCBuildConfiguration;
			buildSettings = {
				ALWAYS_SEARCH_USER_PATHS = NO;
				CLANG_ANALYZER_NONNULL = YES;
				CLANG_ANALYZER_NUMBER_OBJECT_CONVERSION = YES_AGGRESSIVE;
				CLANG_CXX_LANGUAGE_STANDARD = "gnu++14";
				CLANG_CXX_LIBRARY = "libc++";
				CLANG_ENABLE_MODULES = YES;
				CLANG_ENABLE_OBJC_ARC = YES;
				CLANG_ENABLE_OBJC_WEAK = YES;
				CLANG_WARN_BLOCK_CAPTURE_AUTORELEASING = YES;
				CLANG_WARN_BOOL_CONVERSION = YES;
				CLANG_WARN_COMMA = YES;
				CLANG_WARN_CONSTANT_CONVERSION = YES;
				CLANG_WARN_DEPRECATED_OBJC_IMPLEMENTATIONS = YES;
				CLANG_WARN_DIRECT_OBJC_ISA_USAGE = YES_ERROR;
				CLANG_WARN_DOCUMENTATION_COMMENTS = YES;
				CLANG_WARN_EMPTY_BODY = YES;
				CLANG_WARN_ENUM_CONVERSION = YES;
				CLANG_WARN_INFINITE_RECURSION = YES;
				CLANG_WARN_INT_CONVERSION = YES;
				CLANG_WARN_NON_LITERAL_NULL_CONVERSION = YES;
				CLANG_WARN_OBJC_IMPLICIT_RETAIN_SELF = YES;
				CLANG_WARN_OBJC_LITERAL_CONVERSION = YES;
				CLANG_WARN_OBJC_ROOT_CLASS = YES_ERROR;
				CLANG_WARN_QUOTED_INCLUDE_IN_FRAMEWORK_HEADER = YES;
				CLANG_WARN_RANGE_LOOP_ANALYSIS = YES;
				CLANG_WARN_STRICT_PROTOTYPES = YES;
				CLANG_WARN_SUSPICIOUS_MOVE = YES;
				CLANG_WARN_UNGUARDED_AVAILABILITY = YES_AGGRESSIVE;
				CLANG_WARN_UNREACHABLE_CODE = YES;
				CLANG_WARN__DUPLICATE_METHOD_MATCH = YES;
				COPY_PHASE_STRIP = NO;
				CURRENT_PROJECT_VERSION = 1;
				DEBUG_INFORMATION_FORMAT = "dwarf-with-dsym";
				ENABLE_NS_ASSERTIONS = NO;
				ENABLE_STRICT_OBJC_MSGSEND = YES;
				GCC_C_LANGUAGE_STANDARD = gnu11;
				GCC_NO_COMMON_BLOCKS = YES;
				GCC_WARN_64_TO_32_BIT_CONVERSION = YES;
				GCC_WARN_ABOUT_RETURN_TYPE = YES_ERROR;
				GCC_WARN_UNDECLARED_SELECTOR = YES;
				GCC_WARN_UNINITIALIZED_AUTOS = YES_AGGRESSIVE;
				GCC_WARN_UNUSED_FUNCTION = YES;
				GCC_WARN_UNUSED_VARIABLE = YES;
				IPHONEOS_DEPLOYMENT_TARGET = 14.5;
				MTL_ENABLE_DEBUG_INFO = NO;
				MTL_FAST_MATH = YES;
				SDKROOT = iphoneos;
				SWIFT_COMPILATION_MODE = wholemodule;
				SWIFT_OPTIMIZATION_LEVEL = "-O";
				VALIDATE_PRODUCT = YES;
				VERSIONING_SYSTEM = "apple-generic";
				VERSION_INFO_PREFIX = "";
			};
			name = Release;
		};
		65077259274F7E23006500C1 /* Debug */ = {
			isa = XCBuildConfiguration;
			buildSettings = {
				CLANG_ENABLE_MODULES = YES;
				CODE_SIGN_STYLE = Automatic;
				DEFINES_MODULE = YES;
				DEVELOPMENT_TEAM = 4YWP4SF3FZ;
				DYLIB_COMPATIBILITY_VERSION = 1;
				DYLIB_CURRENT_VERSION = 1;
				DYLIB_INSTALL_NAME_BASE = "@rpath";
				INFOPLIST_FILE = BitCore/Info.plist;
				INSTALL_PATH = "$(LOCAL_LIBRARY_DIR)/Frameworks";
				LD_RUNPATH_SEARCH_PATHS = (
					"$(inherited)",
					"@executable_path/Frameworks",
					"@loader_path/Frameworks",
				);
				PRODUCT_BUNDLE_IDENTIFIER = com.daniel.BitCore;
				PRODUCT_NAME = "$(TARGET_NAME:c99extidentifier)";
				SKIP_INSTALL = YES;
				SWIFT_OPTIMIZATION_LEVEL = "-Onone";
				SWIFT_VERSION = 5.0;
				TARGETED_DEVICE_FAMILY = "1,2";
			};
			name = Debug;
		};
		6507725A274F7E23006500C1 /* Release */ = {
			isa = XCBuildConfiguration;
			buildSettings = {
				CLANG_ENABLE_MODULES = YES;
				CODE_SIGN_STYLE = Automatic;
				DEFINES_MODULE = YES;
				DEVELOPMENT_TEAM = 4YWP4SF3FZ;
				DYLIB_COMPATIBILITY_VERSION = 1;
				DYLIB_CURRENT_VERSION = 1;
				DYLIB_INSTALL_NAME_BASE = "@rpath";
				INFOPLIST_FILE = BitCore/Info.plist;
				INSTALL_PATH = "$(LOCAL_LIBRARY_DIR)/Frameworks";
				LD_RUNPATH_SEARCH_PATHS = (
					"$(inherited)",
					"@executable_path/Frameworks",
					"@loader_path/Frameworks",
				);
				PRODUCT_BUNDLE_IDENTIFIER = com.daniel.BitCore;
				PRODUCT_NAME = "$(TARGET_NAME:c99extidentifier)";
				SKIP_INSTALL = YES;
				SWIFT_VERSION = 5.0;
				TARGETED_DEVICE_FAMILY = "1,2";
			};
			name = Release;
		};
		6507725C274F7E23006500C1 /* Debug */ = {
			isa = XCBuildConfiguration;
			buildSettings = {
				ALWAYS_EMBED_SWIFT_STANDARD_LIBRARIES = YES;
				CODE_SIGN_STYLE = Automatic;
				DEVELOPMENT_TEAM = 4YWP4SF3FZ;
				INFOPLIST_FILE = BitCoreTests/Info.plist;
				LD_RUNPATH_SEARCH_PATHS = (
					"$(inherited)",
					"@executable_path/Frameworks",
					"@loader_path/Frameworks",
				);
				PRODUCT_BUNDLE_IDENTIFIER = com.daniel.BitCoreTests;
				PRODUCT_NAME = "$(TARGET_NAME)";
				SWIFT_VERSION = 5.0;
				TARGETED_DEVICE_FAMILY = "1,2";
			};
			name = Debug;
		};
		6507725D274F7E23006500C1 /* Release */ = {
			isa = XCBuildConfiguration;
			buildSettings = {
				ALWAYS_EMBED_SWIFT_STANDARD_LIBRARIES = YES;
				CODE_SIGN_STYLE = Automatic;
				DEVELOPMENT_TEAM = 4YWP4SF3FZ;
				INFOPLIST_FILE = BitCoreTests/Info.plist;
				LD_RUNPATH_SEARCH_PATHS = (
					"$(inherited)",
					"@executable_path/Frameworks",
					"@loader_path/Frameworks",
				);
				PRODUCT_BUNDLE_IDENTIFIER = com.daniel.BitCoreTests;
				PRODUCT_NAME = "$(TARGET_NAME)";
				SWIFT_VERSION = 5.0;
				TARGETED_DEVICE_FAMILY = "1,2";
			};
			name = Release;
		};
/* End XCBuildConfiguration section */

/* Begin XCConfigurationList section */
		6507723E274F7E23006500C1 /* Build configuration list for PBXProject "BitCore" */ = {
			isa = XCConfigurationList;
			buildConfigurations = (
				65077256274F7E23006500C1 /* Debug */,
				65077257274F7E23006500C1 /* Release */,
			);
			defaultConfigurationIsVisible = 0;
			defaultConfigurationName = Release;
		};
		65077258274F7E23006500C1 /* Build configuration list for PBXNativeTarget "BitCore" */ = {
			isa = XCConfigurationList;
			buildConfigurations = (
				65077259274F7E23006500C1 /* Debug */,
				6507725A274F7E23006500C1 /* Release */,
			);
			defaultConfigurationIsVisible = 0;
			defaultConfigurationName = Release;
		};
		6507725B274F7E23006500C1 /* Build configuration list for PBXNativeTarget "BitCoreTests" */ = {
			isa = XCConfigurationList;
			buildConfigurations = (
				6507725C274F7E23006500C1 /* Debug */,
				6507725D274F7E23006500C1 /* Release */,
			);
			defaultConfigurationIsVisible = 0;
			defaultConfigurationName = Release;
		};
/* End XCConfigurationList section */

/* Begin XCRemoteSwiftPackageReference section */
		657BD52D2772D70800B8E0D5 /* XCRemoteSwiftPackageReference "BigInt" */ = {
			isa = XCRemoteSwiftPackageReference;
			repositoryURL = "https://github.com/attaswift/BigInt";
			requirement = {
				kind = upToNextMajorVersion;
				minimumVersion = 5.0.0;
			};
		};
/* End XCRemoteSwiftPackageReference section */

/* Begin XCSwiftPackageProductDependency section */
		657BD52E2772D70800B8E0D5 /* BigInt */ = {
			isa = XCSwiftPackageProductDependency;
			package = 657BD52D2772D70800B8E0D5 /* XCRemoteSwiftPackageReference "BigInt" */;
			productName = BigInt;
		};
/* End XCSwiftPackageProductDependency section */
	};
	rootObject = 6507723B274F7E23006500C1 /* Project object */;
}
